
Microsoft Visual Studio Solution File, Format Version 12.00
# Visual Studio 2013
VisualStudioVersion = 12.0.21005.1
MinimumVisualStudioVersion = 10.0.40219.1
Project("{8BC9CEB8-8B4A-11D0-8D11-00A0C91BC942}") = "xip64", "xip64.vcxproj", "{22DD1215-A0A4-4AA5-8656-DB3A7E1D8A84}"
EndProject
Project("{8BC9CEB8-8B4A-11D0-8D11-00A0C91BC942}") = "xipdll", "xipdll\xipdll.vcxproj", "{AB5563D0-4AC9-4DE0-8CF1-2FDD65FEEA79}"
EndProject
Project("{8BC9CEB8-8B4A-11D0-8D11-00A0C91BC942}") = "KIFF", "KXIP\KIFF.vcxproj", "{D23B0690-0D38-403D-ABD3-930A09979E8B}"
	ProjectSection(ProjectDependencies) = postProject
		{066BE263-609A-425B-A07C-CEED22668BE7} = {066BE263-609A-425B-A07C-CEED22668BE7}
	EndProjectSection
EndProject
Project("{8BC9CEB8-8B4A-11D0-8D11-00A0C91BC942}") = "xiplib", "xiplib\xiplib.vcxproj", "{066BE263-609A-425B-A07C-CEED22668BE7}"
EndProject
Global
	GlobalSection(SolutionConfigurationPlatforms) = preSolution
		Debug|Mixed Platforms = Debug|Mixed Platforms
		Debug|Win32 = Debug|Win32
		Debug|x64 = Debug|x64
		Release|Mixed Platforms = Release|Mixed Platforms
		Release|Win32 = Release|Win32
		Release|x64 = Release|x64
	EndGlobalSection
	GlobalSection(ProjectConfigurationPlatforms) = postSolution
		{22DD1215-A0A4-4AA5-8656-DB3A7E1D8A84}.Debug|Mixed Platforms.ActiveCfg = Debug|Win32
		{22DD1215-A0A4-4AA5-8656-DB3A7E1D8A84}.Debug|Mixed Platforms.Build.0 = Debug|Win32
		{22DD1215-A0A4-4AA5-8656-DB3A7E1D8A84}.Debug|Win32.ActiveCfg = Debug|Win32
		{22DD1215-A0A4-4AA5-8656-DB3A7E1D8A84}.Debug|Win32.Build.0 = Debug|Win32
		{22DD1215-A0A4-4AA5-8656-DB3A7E1D8A84}.Debug|x64.ActiveCfg = Debug|x64
		{22DD1215-A0A4-4AA5-8656-DB3A7E1D8A84}.Debug|x64.Build.0 = Debug|x64
		{22DD1215-A0A4-4AA5-8656-DB3A7E1D8A84}.Release|Mixed Platforms.ActiveCfg = Release|Win32
		{22DD1215-A0A4-4AA5-8656-DB3A7E1D8A84}.Release|Mixed Platforms.Build.0 = Release|Win32
		{22DD1215-A0A4-4AA5-8656-DB3A7E1D8A84}.Release|Win32.ActiveCfg = Release|Win32
		{22DD1215-A0A4-4AA5-8656-DB3A7E1D8A84}.Release|Win32.Build.0 = Release|Win32
		{22DD1215-A0A4-4AA5-8656-DB3A7E1D8A84}.Release|x64.ActiveCfg = Release|x64
		{22DD1215-A0A4-4AA5-8656-DB3A7E1D8A84}.Release|x64.Build.0 = Release|x64
		{AB5563D0-4AC9-4DE0-8CF1-2FDD65FEEA79}.Debug|Mixed Platforms.ActiveCfg = Debug|Win32
		{AB5563D0-4AC9-4DE0-8CF1-2FDD65FEEA79}.Debug|Mixed Platforms.Build.0 = Debug|Win32
		{AB5563D0-4AC9-4DE0-8CF1-2FDD65FEEA79}.Debug|Win32.ActiveCfg = Debug|Win32
		{AB5563D0-4AC9-4DE0-8CF1-2FDD65FEEA79}.Debug|Win32.Build.0 = Debug|Win32
		{AB5563D0-4AC9-4DE0-8CF1-2FDD65FEEA79}.Debug|x64.ActiveCfg = Debug|x64
		{AB5563D0-4AC9-4DE0-8CF1-2FDD65FEEA79}.Release|Mixed Platforms.ActiveCfg = Release|Win32
		{AB5563D0-4AC9-4DE0-8CF1-2FDD65FEEA79}.Release|Mixed Platforms.Build.0 = Release|Win32
		{AB5563D0-4AC9-4DE0-8CF1-2FDD65FEEA79}.Release|Win32.ActiveCfg = Release|Win32
		{AB5563D0-4AC9-4DE0-8CF1-2FDD65FEEA79}.Release|Win32.Build.0 = Release|Win32
		{AB5563D0-4AC9-4DE0-8CF1-2FDD65FEEA79}.Release|x64.ActiveCfg = Release|x64
		{D23B0690-0D38-403D-ABD3-930A09979E8B}.Debug|Mixed Platforms.ActiveCfg = Debug|Win32
		{D23B0690-0D38-403D-ABD3-930A09979E8B}.Debug|Mixed Platforms.Build.0 = Debug|Win32
		{D23B0690-0D38-403D-ABD3-930A09979E8B}.Debug|Win32.ActiveCfg = Debug|Win32
		{D23B0690-0D38-403D-ABD3-930A09979E8B}.Debug|Win32.Build.0 = Debug|Win32
		{D23B0690-0D38-403D-ABD3-930A09979E8B}.Debug|x64.ActiveCfg = Debug|x64
		{D23B0690-0D38-403D-ABD3-930A09979E8B}.Debug|x64.Build.0 = Debug|x64
		{D23B0690-0D38-403D-ABD3-930A09979E8B}.Release|Mixed Platforms.ActiveCfg = Release|Win32
		{D23B0690-0D38-403D-ABD3-930A09979E8B}.Release|Mixed Platforms.Build.0 = Release|Win32
		{D23B0690-0D38-403D-ABD3-930A09979E8B}.Release|Win32.ActiveCfg = Release|Win32
		{D23B0690-0D38-403D-ABD3-930A09979E8B}.Release|Win32.Build.0 = Release|Win32
		{D23B0690-0D38-403D-ABD3-930A09979E8B}.Release|x64.ActiveCfg = Release|x64
		{D23B0690-0D38-403D-ABD3-930A09979E8B}.Release|x64.Build.0 = Release|x64
		{066BE263-609A-425B-A07C-CEED22668BE7}.Debug|Mixed Platforms.ActiveCfg = Debug|Win32
		{066BE263-609A-425B-A07C-CEED22668BE7}.Debug|Mixed Platforms.Build.0 = Debug|Win32
		{066BE263-609A-425B-A07C-CEED22668BE7}.Debug|Win32.ActiveCfg = Debug|Win32
		{066BE263-609A-425B-A07C-CEED22668BE7}.Debug|Win32.Build.0 = Debug|Win32
		{066BE263-609A-425B-A07C-CEED22668BE7}.Debug|x64.ActiveCfg = Debug|x64
		{066BE263-609A-425B-A07C-CEED22668BE7}.Release|Mixed Platforms.ActiveCfg = Release|Win32
		{066BE263-609A-425B-A07C-CEED22668BE7}.Release|Mixed Platforms.Build.0 = Release|Win32
		{066BE263-609A-425B-A07C-CEED22668BE7}.Release|Win32.ActiveCfg = Release|Win32
		{066BE263-609A-425B-A07C-CEED22668BE7}.Release|Win32.Build.0 = Release|Win32
		{066BE263-609A-425B-A07C-CEED22668BE7}.Release|x64.ActiveCfg = Release|x64
	EndGlobalSection
	GlobalSection(SolutionProperties) = preSolution
		HideSolutionNode = FALSE
	EndGlobalSection
EndGlobal
