<?xml version="1.0" encoding="utf-8"?>
<Project ToolsVersion="4.0" xmlns="http://schemas.microsoft.com/developer/msbuild/2003">
  <ItemGroup>
    <Filter Include="Source Files">
      <UniqueIdentifier>{a798808b-cd1a-48ee-9d54-b1b855791457}</UniqueIdentifier>
      <Extensions>cpp;c;cxx;rc;def;r;odl;idl;hpj;bat</Extensions>
    </Filter>
    <Filter Include="Header Files">
      <UniqueIdentifier>{a94a3f78-b984-4a47-9dc3-afc2fbf4c294}</UniqueIdentifier>
      <Extensions>h;hpp;hxx;hm;inl</Extensions>
    </Filter>
    <Filter Include="Resource Files">
      <UniqueIdentifier>{b553c677-b828-4f9c-871b-e02fc42b452c}</UniqueIdentifier>
      <Extensions>ico;cur;bmp;dlg;rc2;rct;bin;rgs;gif;jpg;jpeg;jpe</Extensions>
    </Filter>
  </ItemGroup>
  <ItemGroup>
    <ClCompile Include="..\XIP\src\affiche.cxx">
      <Filter>Source Files</Filter>
    </ClCompile>
    <ClCompile Include="..\XIP\src\analyse.cxx">
      <Filter>Source Files</Filter>
    </ClCompile>
    <ClCompile Include="..\XIP\src\applique.cxx">
      <Filter>Source Files</Filter>
    </ClCompile>
    <ClCompile Include="..\XIP\src\automate.cxx">
      <Filter>Source Files</Filter>
    </ClCompile>
    <ClCompile Include="..\XIP\src\avl.cxx">
      <Filter>Source Files</Filter>
    </ClCompile>
    <ClCompile Include="..\XIP\src\avlcat.cxx">
      <Filter>Source Files</Filter>
    </ClCompile>
    <ClCompile Include="..\XIP\src\avlfonc.cxx">
      <Filter>Source Files</Filter>
    </ClCompile>
    <ClCompile Include="..\XIP\src\avlreg.cxx">
      <Filter>Source Files</Filter>
    </ClCompile>
    <ClCompile Include="..\XIP\src\avltrait.cxx">
      <Filter>Source Files</Filter>
    </ClCompile>
    <ClCompile Include="..\XIP\src\avlvoc.cxx">
      <Filter>Source Files</Filter>
    </ClCompile>
    <ClCompile Include="..\XIP\src\chaineen.cxx">
      <Filter>Source Files</Filter>
    </ClCompile>
    <ClCompile Include="..\XIP\src\chainefr.cxx">
      <Filter>Source Files</Filter>
    </ClCompile>
    <ClCompile Include="..\XIP\src\disamb.cxx">
      <Filter>Source Files</Filter>
    </ClCompile>
    <ClCompile Include="..\XIP\src\divers.cxx">
      <Filter>Source Files</Filter>
    </ClCompile>
    <ClCompile Include="..\XIP\src\indexation.cxx">
      <Filter>Source Files</Filter>
    </ClCompile>
    <ClCompile Include="..\XIP\src\initial.cxx">
      <Filter>Source Files</Filter>
    </ClCompile>
    <ClCompile Include="..\XIP\src\lecttest.cxx">
      <Filter>Source Files</Filter>
    </ClCompile>
    <ClCompile Include="..\XIP\src\lire.cxx">
      <Filter>Source Files</Filter>
    </ClCompile>
    <ClCompile Include="..\XIP\src\lliste.cxx">
      <Filter>Source Files</Filter>
    </ClCompile>
    <ClCompile Include="..\XIP\src\main.cxx">
      <Filter>Source Files</Filter>
    </ClCompile>
    <ClCompile Include="..\XIP\src\mathemat.cxx">
      <Filter>Source Files</Filter>
    </ClCompile>
    <ClCompile Include="..\XIP\src\noeud.cxx">
      <Filter>Source Files</Filter>
    </ClCompile>
    <ClCompile Include="..\XIP\src\ntm.cxx">
      <Filter>Source Files</Filter>
    </ClCompile>
    <ClCompile Include="..\XIP\src\ontologies.cxx">
      <Filter>Source Files</Filter>
    </ClCompile>
    <ClCompile Include="..\XIP\src\parseur.cxx">
      <Filter>Source Files</Filter>
    </ClCompile>
    <ClCompile Include="..\XIP\src\pls.cxx">
      <Filter>Source Files</Filter>
    </ClCompile>
    <ClCompile Include="..\XIP\src\printresult.cxx">
      <Filter>Source Files</Filter>
    </ClCompile>
    <ClCompile Include="..\XIP\src\result.cxx">
      <Filter>Source Files</Filter>
    </ClCompile>
    <ClCompile Include="..\XIP\src\serveur.cxx">
      <Filter>Source Files</Filter>
    </ClCompile>
    <ClCompile Include="..\XIP\src\sinput.cxx">
      <Filter>Source Files</Filter>
    </ClCompile>
    <ClCompile Include="..\XIP\src\traitement.cxx">
      <Filter>Source Files</Filter>
    </ClCompile>
    <ClCompile Include="..\XIP\src\varlibxml.cxx">
      <Filter>Source Files</Filter>
    </ClCompile>
    <ClCompile Include="..\XIP\src\vecteur.cxx">
      <Filter>Source Files</Filter>
    </ClCompile>
    <ClCompile Include="..\XIP\src\xipaxip.cxx">
      <Filter>Source Files</Filter>
    </ClCompile>
    <ClCompile Include="..\XIP\src\xmlxip.cxx">
      <Filter>Source Files</Filter>
    </ClCompile>
  </ItemGroup>
</Project>