<?xml version="1.0" encoding="utf-8"?>
<Project ToolsVersion="4.0" xmlns="http://schemas.microsoft.com/developer/msbuild/2003">
  <ItemGroup>
    <Filter Include="Source Files">
      <UniqueIdentifier>{82b9d407-03d0-4a1e-9f7e-d3fb34a34e5f}</UniqueIdentifier>
      <Extensions>cpp;c;cxx;rc;def;r;odl;idl;hpj;bat</Extensions>
    </Filter>
    <Filter Include="Header Files">
      <UniqueIdentifier>{c78fae0a-7697-481b-8601-bddc0186fe01}</UniqueIdentifier>
      <Extensions>h;hpp;hxx;hm;inl</Extensions>
    </Filter>
    <Filter Include="Resource Files">
      <UniqueIdentifier>{fe0121bd-e477-4d63-aa68-b05d4db48154}</UniqueIdentifier>
      <Extensions>ico;cur;bmp;dlg;rc2;rct;bin;rgs;gif;jpg;jpeg;jpe</Extensions>
    </Filter>
  </ItemGroup>
  <ItemGroup>
    <ClCompile Include="..\..\XIPIIbis\XIP\src\affiche.cxx">
      <Filter>Source Files</Filter>
    </ClCompile>
    <ClCompile Include="..\..\XIPIIbis\XIP\src\analyse.cxx">
      <Filter>Source Files</Filter>
    </ClCompile>
    <ClCompile Include="..\..\XIPIIbis\XIP\src\applique.cxx">
      <Filter>Source Files</Filter>
    </ClCompile>
    <ClCompile Include="..\..\XIPIIbis\XIP\src\arbren.cxx">
      <Filter>Source Files</Filter>
    </ClCompile>
    <ClCompile Include="..\..\XIPIIbis\XIP\src\automate.cxx">
      <Filter>Source Files</Filter>
    </ClCompile>
    <ClCompile Include="..\..\XIPIIbis\XIP\src\avl.cxx">
      <Filter>Source Files</Filter>
    </ClCompile>
    <ClCompile Include="..\..\XIPIIbis\XIP\src\avlcat.cxx">
      <Filter>Source Files</Filter>
    </ClCompile>
    <ClCompile Include="..\..\XIPIIbis\XIP\src\avlfonc.cxx">
      <Filter>Source Files</Filter>
    </ClCompile>
    <ClCompile Include="..\..\XIPIIbis\XIP\src\avlreg.cxx">
      <Filter>Source Files</Filter>
    </ClCompile>
    <ClCompile Include="..\..\XIPIIbis\XIP\src\avltrait.cxx">
      <Filter>Source Files</Filter>
    </ClCompile>
    <ClCompile Include="..\..\XIPIIbis\XIP\src\avlvoc.cxx">
      <Filter>Source Files</Filter>
    </ClCompile>
    <ClCompile Include="..\..\XIPIIbis\XIP\src\chaineen.cxx">
      <Filter>Source Files</Filter>
    </ClCompile>
    <ClCompile Include="..\..\XIPIIbis\XIP\src\chainefr.cxx">
      <Filter>Source Files</Filter>
    </ClCompile>
    <ClCompile Include="..\..\XIPIIbis\XIP\src\disamb.cxx">
      <Filter>Source Files</Filter>
    </ClCompile>
    <ClCompile Include="..\..\XIPIIbis\XIP\src\divers.cxx">
      <Filter>Source Files</Filter>
    </ClCompile>
    <ClCompile Include="..\..\XIPIIbis\XIP\src\tokLook\ems.c">
      <Filter>Source Files</Filter>
    </ClCompile>
    <ClCompile Include="..\..\XIPIIbis\XIP\src\generation.cxx">
      <Filter>Source Files</Filter>
    </ClCompile>
    <ClCompile Include="..\..\XIPIIbis\Xip\src\graphe.cxx">
      <Filter>Source Files</Filter>
    </ClCompile>
    <ClCompile Include="..\..\XIPIIbis\XIP\src\indexation.cxx">
      <Filter>Source Files</Filter>
    </ClCompile>
    <ClCompile Include="..\..\XIPIIbis\XIP\src\initial.cxx">
      <Filter>Source Files</Filter>
    </ClCompile>
    <ClCompile Include="..\..\XIPIIbis\XIP\src\kif.cxx">
      <Filter>Source Files</Filter>
    </ClCompile>
    <ClCompile Include="..\..\XIPIIbis\XIP\src\kifn.cxx">
      <Filter>Source Files</Filter>
    </ClCompile>
    <ClCompile Include="..\..\XIPIIbis\XIP\src\lecttest.cxx">
      <Filter>Source Files</Filter>
    </ClCompile>
    <ClCompile Include="..\..\XIPIIbis\XIP\src\lire.cxx">
      <Filter>Source Files</Filter>
    </ClCompile>
    <ClCompile Include="..\..\XIPIIbis\XIP\src\lliste.cxx">
      <Filter>Source Files</Filter>
    </ClCompile>
    <ClCompile Include="..\..\XIPIIbis\XIP\src\tokLook\lookup.c">
      <Filter>Source Files</Filter>
    </ClCompile>
    <ClCompile Include="..\..\XIPIIbis\XIP\src\main.cxx">
      <Filter>Source Files</Filter>
    </ClCompile>
    <ClCompile Include="..\..\XIPIIbis\XIP\src\mathemat.cxx">
      <Filter>Source Files</Filter>
    </ClCompile>
    <ClCompile Include="..\..\XIPIIbis\XIP\src\tokLook\networks.c">
      <Filter>Source Files</Filter>
    </ClCompile>
    <ClCompile Include="..\..\XIPIIbis\XIP\src\noeud.cxx">
      <Filter>Source Files</Filter>
    </ClCompile>
    <ClCompile Include="..\..\XIPIIbis\XIP\src\ntm.cxx">
      <Filter>Source Files</Filter>
    </ClCompile>
    <ClCompile Include="..\..\XIPIIbis\Xip\src\ontologies.cxx">
      <Filter>Source Files</Filter>
    </ClCompile>
    <ClCompile Include="..\..\XIPIIbis\XIP\src\parseur.cxx">
      <Filter>Source Files</Filter>
    </ClCompile>
    <ClCompile Include="..\..\XIPIIbis\XIP\src\pls.cxx">
      <Filter>Source Files</Filter>
    </ClCompile>
    <ClCompile Include="..\..\XIPIIbis\XIP\src\tokLook\readscript.c">
      <Filter>Source Files</Filter>
    </ClCompile>
    <ClCompile Include="..\..\XIPIIbis\XIP\src\result.cxx">
      <Filter>Source Files</Filter>
    </ClCompile>
    <ClCompile Include="..\..\XIPIIbis\XIP\src\sinput.cxx">
      <Filter>Source Files</Filter>
    </ClCompile>
    <ClCompile Include="..\..\XIPIIbis\Xip\src\stlresul.cxx">
      <Filter>Source Files</Filter>
    </ClCompile>
    <ClCompile Include="..\..\XIPIIbis\XIP\src\testutf8.cxx">
      <Filter>Source Files</Filter>
    </ClCompile>
    <ClCompile Include="..\..\XIPIIbis\XIP\src\tokLook\tok-aux.c">
      <Filter>Source Files</Filter>
    </ClCompile>
    <ClCompile Include="..\..\XIPIIbis\Xip\src\tokenplus.cxx">
      <Filter>Source Files</Filter>
    </ClCompile>
    <ClCompile Include="..\..\XIPIIbis\XIP\src\traitement.cxx">
      <Filter>Source Files</Filter>
    </ClCompile>
    <ClCompile Include="..\..\XIPIIbis\Xip\src\transduct.cxx">
      <Filter>Source Files</Filter>
    </ClCompile>
    <ClCompile Include="..\..\XIPIIbis\XIP\src\varlibxml.cxx">
      <Filter>Source Files</Filter>
    </ClCompile>
    <ClCompile Include="..\..\XIPIIbis\XIP\src\vecteur.cxx">
      <Filter>Source Files</Filter>
    </ClCompile>
    <ClCompile Include="..\..\XIPIIbis\XIP\src\xipaxip.cxx">
      <Filter>Source Files</Filter>
    </ClCompile>
    <ClCompile Include="..\..\XIPIIbis\XIP\src\xiplibxml.cxx">
      <Filter>Source Files</Filter>
    </ClCompile>
    <ClCompile Include="..\..\XIPIIbis\XIP\src\xmlxip.cxx">
      <Filter>Source Files</Filter>
    </ClCompile>
    <ClCompile Include="..\..\XIPIIbis\XIP\src\xipkif.cxx">
      <Filter>Source Files</Filter>
    </ClCompile>
    <ClCompile Include="..\..\XIPIIbis\XIP\src\kifraw.cxx">
      <Filter>Source Files</Filter>
    </ClCompile>
    <ClCompile Include="..\kif\kifxml.cxx">
      <Filter>Source Files</Filter>
    </ClCompile>
    <ClCompile Include="..\..\XIPIIbis\XIP\src\kifsparse.cxx">
      <Filter>Source Files</Filter>
    </ClCompile>
    <ClCompile Include="..\..\XIPIIbis\XIP\src\kifpredicate.cxx">
      <Filter>Source Files</Filter>
    </ClCompile>
    <ClCompile Include="..\..\XIPIIbis\XIP\src\kifcontainer.cxx">
      <Filter>Source Files</Filter>
    </ClCompile>
    <ClCompile Include="..\..\XIPIIbis\XIP\src\kiflibs.cxx">
      <Filter>Source Files</Filter>
    </ClCompile>
    <ClCompile Include="..\..\XIPIIbis\XIP\src\kifglobalthread.cxx">
      <Filter>Source Files</Filter>
    </ClCompile>
    <ClCompile Include="..\..\XIPIIbis\XIP\src\kifmaps.cxx">
      <Filter>Source Files</Filter>
    </ClCompile>
    <ClCompile Include="..\..\XIPIIbis\XIP\src\treemaps.cxx">
      <Filter>Source Files</Filter>
    </ClCompile>
    <ClCompile Include="..\..\XIPIIbis\XIP\src\kifautomaton.cxx">
      <Filter>Source Files</Filter>
    </ClCompile>
    <ClCompile Include="..\..\XIPIIbis\XIP\src\kifpmaps.cxx">
      <Filter>Source Files</Filter>
    </ClCompile>
    <ClCompile Include="..\..\XIPIIbis\XIP\src\kifrulegen.cxx">
      <Filter>Source Files</Filter>
    </ClCompile>
    <ClCompile Include="..\kifsocket\kifsocket.cxx">
      <Filter>Source Files</Filter>
    </ClCompile>
    <ClCompile Include="..\kifsys\kifsys.cxx">
      <Filter>Source Files</Filter>
    </ClCompile>
  </ItemGroup>
  <ItemGroup>
    <ClInclude Include="..\..\XIPIIbis\Xip\include\affiche.h">
      <Filter>Header Files</Filter>
    </ClInclude>
    <ClInclude Include="..\..\XIPIIbis\Xip\include\applyloc.h">
      <Filter>Header Files</Filter>
    </ClInclude>
    <ClInclude Include="..\..\XIPIIbis\XIP\include\arbren.h">
      <Filter>Header Files</Filter>
    </ClInclude>
    <ClInclude Include="..\..\XIPIIbis\Xip\include\automate.h">
      <Filter>Header Files</Filter>
    </ClInclude>
    <ClInclude Include="..\..\XIPIIbis\Xip\include\avl.h">
      <Filter>Header Files</Filter>
    </ClInclude>
    <ClInclude Include="..\..\XIPIIbis\Xip\include\avlcat.h">
      <Filter>Header Files</Filter>
    </ClInclude>
    <ClInclude Include="..\..\XIPIIbis\Xip\include\avlfonc.h">
      <Filter>Header Files</Filter>
    </ClInclude>
    <ClInclude Include="..\..\XIPIIbis\Xip\include\avlreg.h">
      <Filter>Header Files</Filter>
    </ClInclude>
    <ClInclude Include="..\..\XIPIIbis\Xip\include\avltemplate.h">
      <Filter>Header Files</Filter>
    </ClInclude>
    <ClInclude Include="..\..\XIPIIbis\Xip\include\avltrait.h">
      <Filter>Header Files</Filter>
    </ClInclude>
    <ClInclude Include="..\..\XIPIIbis\Xip\include\avlvoc.h">
      <Filter>Header Files</Filter>
    </ClInclude>
    <ClInclude Include="..\..\XIPIIbis\Xip\include\compatible.h">
      <Filter>Header Files</Filter>
    </ClInclude>
    <ClInclude Include="..\..\XIPIIbis\XIP\include\conversion.h">
      <Filter>Header Files</Filter>
    </ClInclude>
    <ClInclude Include="..\..\XIPIIbis\Xip\include\defun.h">
      <Filter>Header Files</Filter>
    </ClInclude>
    <ClInclude Include="..\..\XIPIIbis\Xip\include\divers.h">
      <Filter>Header Files</Filter>
    </ClInclude>
    <ClInclude Include="..\..\Includes\tokLook\ems.h">
      <Filter>Header Files</Filter>
    </ClInclude>
    <ClInclude Include="..\..\XIPIIbis\XIP\include\generation.h">
      <Filter>Header Files</Filter>
    </ClInclude>
    <ClInclude Include="..\..\XIPIIbis\Xip\include\graphe.h">
      <Filter>Header Files</Filter>
    </ClInclude>
    <ClInclude Include="..\..\Includes\tokLook\heap.h">
      <Filter>Header Files</Filter>
    </ClInclude>
    <ClInclude Include="..\..\XIPIIbis\Xip\include\hmmtypes.h">
      <Filter>Header Files</Filter>
    </ClInclude>
    <ClInclude Include="..\..\XIPIIbis\Xip\include\hmmversion.h">
      <Filter>Header Files</Filter>
    </ClInclude>
    <ClInclude Include="..\..\XIPIIbis\Xip\include\indexation.h">
      <Filter>Header Files</Filter>
    </ClInclude>
    <ClInclude Include="..\..\XIPIIbis\XIP\include\kif.h">
      <Filter>Header Files</Filter>
    </ClInclude>
    <ClInclude Include="..\..\XIPIIbis\Xip\include\lire.h">
      <Filter>Header Files</Filter>
    </ClInclude>
    <ClInclude Include="..\..\Includes\tokLook\lktypes.h">
      <Filter>Header Files</Filter>
    </ClInclude>
    <ClInclude Include="..\..\XIPIIbis\Xip\include\lliste.h">
      <Filter>Header Files</Filter>
    </ClInclude>
    <ClInclude Include="..\..\Includes\tokLook\lookup.h">
      <Filter>Header Files</Filter>
    </ClInclude>
    <ClInclude Include="..\..\Includes\tokLook\lookup_windefs.h">
      <Filter>Header Files</Filter>
    </ClInclude>
    <ClInclude Include="..\..\XIPIIbis\XIP\include\maintok.h">
      <Filter>Header Files</Filter>
    </ClInclude>
    <ClInclude Include="..\..\XIPIIbis\Xip\include\mathemat.h">
      <Filter>Header Files</Filter>
    </ClInclude>
    <ClInclude Include="..\..\XIPIIbis\Xip\include\memoire.h">
      <Filter>Header Files</Filter>
    </ClInclude>
    <ClInclude Include="..\..\Includes\tokLook\networks.h">
      <Filter>Header Files</Filter>
    </ClInclude>
    <ClInclude Include="..\..\XIPIIbis\Xip\include\noeud.h">
      <Filter>Header Files</Filter>
    </ClInclude>
    <ClInclude Include="..\..\XIPIIbis\Xip\include\ntmhmm.h">
      <Filter>Header Files</Filter>
    </ClInclude>
    <ClInclude Include="..\..\XIPIIbis\Xip\include\ontologies.h">
      <Filter>Header Files</Filter>
    </ClInclude>
    <ClInclude Include="..\..\XIPIIbis\Xip\include\parsbin.h">
      <Filter>Header Files</Filter>
    </ClInclude>
    <ClInclude Include="..\..\XIPIIbis\Xip\include\pasofficiel.h">
      <Filter>Header Files</Filter>
    </ClInclude>
    <ClInclude Include="..\..\XIPIIbis\Xip\include\pls.h">
      <Filter>Header Files</Filter>
    </ClInclude>
    <ClInclude Include="..\..\Includes\tokLook\readscript.h">
      <Filter>Header Files</Filter>
    </ClInclude>
    <ClInclude Include="..\..\XIPIIbis\Xip\include\sinput.h">
      <Filter>Header Files</Filter>
    </ClInclude>
    <ClInclude Include="..\..\Includes\tokLook\tok-aux.h">
      <Filter>Header Files</Filter>
    </ClInclude>
    <ClInclude Include="..\..\Includes\tokLook\tok-out.h">
      <Filter>Header Files</Filter>
    </ClInclude>
    <ClInclude Include="..\..\Includes\tokLook\tokenize_windefs.h">
      <Filter>Header Files</Filter>
    </ClInclude>
    <ClInclude Include="..\..\XIPIIbis\Xip\include\transduct.h">
      <Filter>Header Files</Filter>
    </ClInclude>
    <ClInclude Include="..\..\XIPIIbis\Xip\include\variable.h">
      <Filter>Header Files</Filter>
    </ClInclude>
    <ClInclude Include="..\..\XIPIIbis\Xip\include\varlibxml.h">
      <Filter>Header Files</Filter>
    </ClInclude>
    <ClInclude Include="..\..\XIPIIbis\Xip\include\vecteur.h">
      <Filter>Header Files</Filter>
    </ClInclude>
    <ClInclude Include="..\..\Includes\tokLook\versiontok.h">
      <Filter>Header Files</Filter>
    </ClInclude>
    <ClInclude Include="..\..\XIPIIbis\XIP\include\x_node.h">
      <Filter>Header Files</Filter>
    </ClInclude>
    <ClInclude Include="..\..\XIPIIbis\Xip\include\xipstlres.h">
      <Filter>Header Files</Filter>
    </ClInclude>
    <ClInclude Include="..\..\XIPIIbis\Xip\include\xipvecta.h">
      <Filter>Header Files</Filter>
    </ClInclude>
    <ClInclude Include="..\..\XIPIIbis\Xip\include\xmlxip.h">
      <Filter>Header Files</Filter>
    </ClInclude>
    <ClInclude Include="..\..\XIPIIbis\XIP\include\xipkif.h">
      <Filter>Header Files</Filter>
    </ClInclude>
  </ItemGroup>
</Project>