<?xml version="1.0" encoding="utf-8"?>
<Project ToolsVersion="4.0" xmlns="http://schemas.microsoft.com/developer/msbuild/2003">
  <ItemGroup>
    <Filter Include="Source Files">
      <UniqueIdentifier>{de65ea6f-7cbf-450b-a3ff-91b241cc5b78}</UniqueIdentifier>
      <Extensions>cpp;c;cxx;rc;def;r;odl;idl;hpj;bat</Extensions>
    </Filter>
    <Filter Include="Header Files">
      <UniqueIdentifier>{77fb0c72-3ea2-47de-b077-d4f1867ea4b6}</UniqueIdentifier>
      <Extensions>h;hpp;hxx;hm;inl</Extensions>
    </Filter>
    <Filter Include="Resource Files">
      <UniqueIdentifier>{bf3bc501-eb85-4c0c-a677-c82d20ac732d}</UniqueIdentifier>
      <Extensions>ico;cur;bmp;dlg;rc2;rct;bin;rgs;gif;jpg;jpeg;jpe</Extensions>
    </Filter>
    <Filter Include="MyLibrary">
      <UniqueIdentifier>{bbe30925-fc9d-46ea-ab80-639eae9eeede}</UniqueIdentifier>
    </Filter>
  </ItemGroup>
  <ItemGroup>
    <ClCompile Include="ChildFrm.cpp">
      <Filter>Source Files</Filter>
    </ClCompile>
    <ClCompile Include="DirDialog.cpp">
      <Filter>Source Files</Filter>
    </ClCompile>
    <ClCompile Include="Featuretree.cpp">
      <Filter>Source Files</Filter>
    </ClCompile>
    <ClCompile Include="filenameinput.cpp">
      <Filter>Source Files</Filter>
    </ClCompile>
    <ClCompile Include="Filetree.cpp">
      <Filter>Source Files</Filter>
    </ClCompile>
    <ClCompile Include="generate.cpp">
      <Filter>Source Files</Filter>
    </ClCompile>
    <ClCompile Include="helpscripting.cpp">
      <Filter>Source Files</Filter>
    </ClCompile>
    <ClCompile Include="inforule.cpp">
      <Filter>Source Files</Filter>
    </ClCompile>
    <ClCompile Include="limit.cpp">
      <Filter>Source Files</Filter>
    </ClCompile>
    <ClCompile Include="ListeVariable.cpp">
      <Filter>Source Files</Filter>
    </ClCompile>
    <ClCompile Include="MainFrm.cpp">
      <Filter>Source Files</Filter>
    </ClCompile>
    <ClCompile Include="ncoord.cpp">
      <Filter>Source Files</Filter>
    </ClCompile>
    <ClCompile Include="optionsXip.cpp">
      <Filter>Source Files</Filter>
    </ClCompile>
    <ClCompile Include="ParametreFile.cpp">
      <Filter>Source Files</Filter>
    </ClCompile>
    <ClCompile Include="printvar.cpp">
      <Filter>Source Files</Filter>
    </ClCompile>
    <ClCompile Include="Resdoc.cpp">
      <Filter>Source Files</Filter>
    </ClCompile>
    <ClCompile Include="resultat.cpp">
      <Filter>Source Files</Filter>
    </ClCompile>
    <ClCompile Include="RuleBuilding.cpp">
      <Filter>Source Files</Filter>
    </ClCompile>
    <ClCompile Include="ruledoc.cpp">
      <Filter>Source Files</Filter>
    </ClCompile>
    <ClCompile Include="saisiedoc.cpp">
      <Filter>Source Files</Filter>
    </ClCompile>
    <ClCompile Include="saisieview.cpp">
      <Filter>Source Files</Filter>
    </ClCompile>
    <ClCompile Include="Searchstring.cpp">
      <Filter>Source Files</Filter>
    </ClCompile>
    <ClCompile Include="seerule.cpp">
      <Filter>Source Files</Filter>
    </ClCompile>
    <ClCompile Include="StdAfx.cpp">
      <Filter>Source Files</Filter>
    </ClCompile>
    <ClCompile Include="xipwin.cpp">
      <Filter>Source Files</Filter>
    </ClCompile>
    <ClCompile Include="xipwinDoc.cpp">
      <Filter>Source Files</Filter>
    </ClCompile>
    <ClCompile Include="xipwinView.cpp">
      <Filter>Source Files</Filter>
    </ClCompile>
  </ItemGroup>
  <ItemGroup>
    <ResourceCompile Include="xipwin.rc">
      <Filter>Source Files</Filter>
    </ResourceCompile>
  </ItemGroup>
  <ItemGroup>
    <ClInclude Include="Featuretree.h">
      <Filter>Header Files</Filter>
    </ClInclude>
    <ClInclude Include="filenameinput.h">
      <Filter>Header Files</Filter>
    </ClInclude>
    <ClInclude Include="Filetree.h">
      <Filter>Header Files</Filter>
    </ClInclude>
    <ClInclude Include="generate.h">
      <Filter>Header Files</Filter>
    </ClInclude>
    <ClInclude Include="helpscripting.h">
      <Filter>Header Files</Filter>
    </ClInclude>
    <ClInclude Include="inforule.h">
      <Filter>Header Files</Filter>
    </ClInclude>
    <ClInclude Include="limit.h">
      <Filter>Header Files</Filter>
    </ClInclude>
    <ClInclude Include="ListeVariable.h">
      <Filter>Header Files</Filter>
    </ClInclude>
    <ClInclude Include="MainFrm.h">
      <Filter>Header Files</Filter>
    </ClInclude>
    <ClInclude Include="ncoord.h">
      <Filter>Header Files</Filter>
    </ClInclude>
    <ClInclude Include="optionsXip.h">
      <Filter>Header Files</Filter>
    </ClInclude>
    <ClInclude Include="ParametreFile.h">
      <Filter>Header Files</Filter>
    </ClInclude>
    <ClInclude Include="printvar.h">
      <Filter>Header Files</Filter>
    </ClInclude>
    <ClInclude Include="Resource.h">
      <Filter>Header Files</Filter>
    </ClInclude>
    <ClInclude Include="..\result.h">
      <Filter>Header Files</Filter>
    </ClInclude>
    <ClInclude Include="Resultat.h">
      <Filter>Header Files</Filter>
    </ClInclude>
    <ClInclude Include="RuleBuilding.h">
      <Filter>Header Files</Filter>
    </ClInclude>
    <ClInclude Include="ruledoc.h">
      <Filter>Header Files</Filter>
    </ClInclude>
    <ClInclude Include="saisiedoc.h">
      <Filter>Header Files</Filter>
    </ClInclude>
    <ClInclude Include="saisieview.h">
      <Filter>Header Files</Filter>
    </ClInclude>
    <ClInclude Include="Searchstring.h">
      <Filter>Header Files</Filter>
    </ClInclude>
    <ClInclude Include="seerule.h">
      <Filter>Header Files</Filter>
    </ClInclude>
    <ClInclude Include="StdAfx.h">
      <Filter>Header Files</Filter>
    </ClInclude>
    <ClInclude Include="vecta.h">
      <Filter>Header Files</Filter>
    </ClInclude>
    <ClInclude Include="xipwin.h">
      <Filter>Header Files</Filter>
    </ClInclude>
    <ClInclude Include="xipwinDoc.h">
      <Filter>Header Files</Filter>
    </ClInclude>
    <ClInclude Include="xipwinView.h">
      <Filter>Header Files</Filter>
    </ClInclude>
  </ItemGroup>
  <ItemGroup>
    <None Include="res\rules_ed.bmp">
      <Filter>Resource Files</Filter>
    </None>
    <None Include="res\Toolbar.bmp">
      <Filter>Resource Files</Filter>
    </None>
    <None Include="res\xipwin.ico">
      <Filter>Resource Files</Filter>
    </None>
    <None Include="res\xipwin.rc2">
      <Filter>Resource Files</Filter>
    </None>
    <None Include="res\xipwinDoc.ico">
      <Filter>Resource Files</Filter>
    </None>
    <None Include="ReadMe.txt" />
  </ItemGroup>
</Project>