<?xml version="1.0" encoding="utf-8"?>
<Project ToolsVersion="4.0" xmlns="http://schemas.microsoft.com/developer/msbuild/2003">
  <ItemGroup>
    <Filter Include="Source Files">
      <UniqueIdentifier>{07e5c57b-b9ae-4449-94bc-278a6dfdc960}</UniqueIdentifier>
      <Extensions>cpp;c;cxx;rc;def;r;odl;idl;hpj;bat</Extensions>
    </Filter>
    <Filter Include="Header Files">
      <UniqueIdentifier>{fc958367-bc80-4e48-9268-2acdb1a38f68}</UniqueIdentifier>
      <Extensions>h;hpp;hxx;hm;inl</Extensions>
    </Filter>
    <Filter Include="Resource Files">
      <UniqueIdentifier>{5bdbe13c-4100-4ec0-81d4-e1e69055dd16}</UniqueIdentifier>
      <Extensions>ico;cur;bmp;dlg;rc2;rct;bin;rgs;gif;jpg;jpeg;jpe</Extensions>
    </Filter>
  </ItemGroup>
  <ItemGroup>
    <ClCompile Include="clef.cpp">
      <Filter>Source Files</Filter>
    </ClCompile>
    <ClCompile Include="encryptage.cpp">
      <Filter>Source Files</Filter>
    </ClCompile>
    <ClCompile Include="grm.cpp">
      <Filter>Source Files</Filter>
    </ClCompile>
    <ClCompile Include="installateur.cpp">
      <Filter>Source Files</Filter>
    </ClCompile>
    <ClCompile Include="installeurDoc.cpp">
      <Filter>Source Files</Filter>
    </ClCompile>
    <ClCompile Include="installeurView.cpp">
      <Filter>Source Files</Filter>
    </ClCompile>
    <ClCompile Include="MainFrm.cpp">
      <Filter>Source Files</Filter>
    </ClCompile>
    <ClCompile Include="ntm.cpp">
      <Filter>Source Files</Filter>
    </ClCompile>
    <ClCompile Include="proprietes.cpp">
      <Filter>Source Files</Filter>
    </ClCompile>
    <ClCompile Include="StdAfx.cpp">
      <Filter>Source Files</Filter>
    </ClCompile>
    <ClCompile Include="suite.cpp">
      <Filter>Source Files</Filter>
    </ClCompile>
    <ClCompile Include="var.cpp">
      <Filter>Source Files</Filter>
    </ClCompile>
  </ItemGroup>
  <ItemGroup>
    <ResourceCompile Include="installateur.rc">
      <Filter>Source Files</Filter>
    </ResourceCompile>
  </ItemGroup>
  <ItemGroup>
    <ClInclude Include="encryptage.h">
      <Filter>Header Files</Filter>
    </ClInclude>
    <ClInclude Include="installateur.h">
      <Filter>Header Files</Filter>
    </ClInclude>
    <ClInclude Include="installeurDoc.h">
      <Filter>Header Files</Filter>
    </ClInclude>
    <ClInclude Include="installeurView.h">
      <Filter>Header Files</Filter>
    </ClInclude>
    <ClInclude Include="MainFrm.h">
      <Filter>Header Files</Filter>
    </ClInclude>
    <ClInclude Include="proprietes.h">
      <Filter>Header Files</Filter>
    </ClInclude>
    <ClInclude Include="Resource.h">
      <Filter>Header Files</Filter>
    </ClInclude>
    <ClInclude Include="StdAfx.h">
      <Filter>Header Files</Filter>
    </ClInclude>
    <ClInclude Include="var.h">
      <Filter>Header Files</Filter>
    </ClInclude>
  </ItemGroup>
  <ItemGroup>
    <Image Include="res\installeur.ico">
      <Filter>Resource Files</Filter>
    </Image>
    <Image Include="res\installeurDoc.ico">
      <Filter>Resource Files</Filter>
    </Image>
    <Image Include="res\Toolbar.bmp">
      <Filter>Resource Files</Filter>
    </Image>
  </ItemGroup>
  <ItemGroup>
    <Text Include="ReadMe.txt" />
  </ItemGroup>
  <ItemGroup>
    <CustomBuild Include="res\installeur.rc2">
      <Filter>Resource Files</Filter>
    </CustomBuild>
  </ItemGroup>
</Project>