
Microsoft Visual Studio Solution File, Format Version 12.00
# Visual Studio 2013
VisualStudioVersion = 12.0.21005.1
MinimumVisualStudioVersion = 10.0.40219.1
Project("{8BC9CEB8-8B4A-11D0-8D11-00A0C91BC942}") = "xip64", "xip64\xip64.vcxproj", "{22DD1215-A0A4-4AA5-8656-DB3A7E1D8A84}"
EndProject
Project("{8BC9CEB8-8B4A-11D0-8D11-00A0C91BC942}") = "kif64", "kif\kif.vcxproj", "{AD90A85F-1F57-40F3-8E87-894E7EACB1F8}"
EndProject
Project("{8BC9CEB8-8B4A-11D0-8D11-00A0C91BC942}") = "serveurcorba", "..\corba\serveurcorba\serveurcorba.vcxproj", "{1E6ACBEF-A252-4130-8BF5-CE184C19FDBF}"
EndProject
Project("{8BC9CEB8-8B4A-11D0-8D11-00A0C91BC942}") = "clientcorba", "clientcorba\clientcorba.vcxproj", "{13FED12A-BB77-4305-99C5-4783ED3C283A}"
EndProject
Project("{8BC9CEB8-8B4A-11D0-8D11-00A0C91BC942}") = "test", "test\test.vcxproj", "{F67A830C-9F2B-4882-BDFB-75C2BE5710E8}"
EndProject
Project("{8BC9CEB8-8B4A-11D0-8D11-00A0C91BC942}") = "kifdll", "kifdll\kifdll.vcxproj", "{E7EF9876-2C69-4F0D-822D-5CDBBE7D026A}"
EndProject
Project("{54435603-DBB4-11D2-8724-00A0C9A8B90C}") = "Installateur64", "Installateur64\Installateur64.vdproj", "{03926209-87EE-44B6-B475-B98083B41D4E}"
EndProject
Project("{8BC9CEB8-8B4A-11D0-8D11-00A0C91BC942}") = "lingveta", "..\..\..\eclipse\XIPLING\grammaire\LINGVETASOURCE\lingveta\lingveta.vcxproj", "{BF2B499E-7CE3-40E6-A8F8-7789AE62BF10}"
EndProject
Project("{54435603-DBB4-11D2-8724-00A0C9A8B90C}") = "installkif64", "installkif64\installkif64.vdproj", "{405EDE7A-DBBD-4118-8560-ED02FDCF9F6A}"
EndProject
Project("{8BC9CEB8-8B4A-11D0-8D11-00A0C91BC942}") = "OctaveVisual", "..\..\..\Octave\OctaveVisual\OctaveVisual.vcxproj", "{8EC53676-124A-4CD1-85D8-312599E4DC54}"
EndProject
Project("{8BC9CEB8-8B4A-11D0-8D11-00A0C91BC942}") = "libxml", "libxml\libxml.vcxproj", "{F0CD07C7-11A7-4E1C-A065-81F170D516B2}"
EndProject
Project("{8BC9CEB8-8B4A-11D0-8D11-00A0C91BC942}") = "webservice", "webservice\webservice.vcxproj", "{5CAA9C75-198D-451C-AC32-8F6F278595B5}"
EndProject
Project("{8BC9CEB8-8B4A-11D0-8D11-00A0C91BC942}") = "xiplib", "xiplib\xiplib.vcxproj", "{EF3D9182-9928-410F-8665-05F3251F2436}"
EndProject
Project("{8BC9CEB8-8B4A-11D0-8D11-00A0C91BC942}") = "xips", "xipspython35\xips.vcxproj", "{8F2DEE87-A6C4-4C40-9AF6-1B69991F582B}"
EndProject
Global
	GlobalSection(SolutionConfigurationPlatforms) = preSolution
		Debug|Mixed Platforms = Debug|Mixed Platforms
		Debug|Win32 = Debug|Win32
		Debug|x64 = Debug|x64
		kifdll64|Mixed Platforms = kifdll64|Mixed Platforms
		kifdll64|Win32 = kifdll64|Win32
		kifdll64|x64 = kifdll64|x64
		Release|Mixed Platforms = Release|Mixed Platforms
		Release|Win32 = Release|Win32
		Release|x64 = Release|x64
	EndGlobalSection
	GlobalSection(ProjectConfigurationPlatforms) = postSolution
		{22DD1215-A0A4-4AA5-8656-DB3A7E1D8A84}.Debug|Mixed Platforms.ActiveCfg = Debug|Win32
		{22DD1215-A0A4-4AA5-8656-DB3A7E1D8A84}.Debug|Mixed Platforms.Build.0 = Debug|Win32
		{22DD1215-A0A4-4AA5-8656-DB3A7E1D8A84}.Debug|Win32.ActiveCfg = Debug|Win32
		{22DD1215-A0A4-4AA5-8656-DB3A7E1D8A84}.Debug|Win32.Build.0 = Debug|Win32
		{22DD1215-A0A4-4AA5-8656-DB3A7E1D8A84}.Debug|x64.ActiveCfg = Debug|x64
		{22DD1215-A0A4-4AA5-8656-DB3A7E1D8A84}.Debug|x64.Build.0 = Debug|x64
		{22DD1215-A0A4-4AA5-8656-DB3A7E1D8A84}.kifdll64|Mixed Platforms.ActiveCfg = Release|Win32
		{22DD1215-A0A4-4AA5-8656-DB3A7E1D8A84}.kifdll64|Mixed Platforms.Build.0 = Release|Win32
		{22DD1215-A0A4-4AA5-8656-DB3A7E1D8A84}.kifdll64|Win32.ActiveCfg = Release|x64
		{22DD1215-A0A4-4AA5-8656-DB3A7E1D8A84}.kifdll64|x64.ActiveCfg = Release|x64
		{22DD1215-A0A4-4AA5-8656-DB3A7E1D8A84}.kifdll64|x64.Build.0 = Release|x64
		{22DD1215-A0A4-4AA5-8656-DB3A7E1D8A84}.Release|Mixed Platforms.ActiveCfg = Release|Win32
		{22DD1215-A0A4-4AA5-8656-DB3A7E1D8A84}.Release|Mixed Platforms.Build.0 = Release|Win32
		{22DD1215-A0A4-4AA5-8656-DB3A7E1D8A84}.Release|Win32.ActiveCfg = Release|Win32
		{22DD1215-A0A4-4AA5-8656-DB3A7E1D8A84}.Release|Win32.Build.0 = Release|Win32
		{22DD1215-A0A4-4AA5-8656-DB3A7E1D8A84}.Release|x64.ActiveCfg = Release|x64
		{22DD1215-A0A4-4AA5-8656-DB3A7E1D8A84}.Release|x64.Build.0 = Release|x64
		{AD90A85F-1F57-40F3-8E87-894E7EACB1F8}.Debug|Mixed Platforms.ActiveCfg = Debug|Win32
		{AD90A85F-1F57-40F3-8E87-894E7EACB1F8}.Debug|Mixed Platforms.Build.0 = Debug|Win32
		{AD90A85F-1F57-40F3-8E87-894E7EACB1F8}.Debug|Win32.ActiveCfg = Debug|Win32
		{AD90A85F-1F57-40F3-8E87-894E7EACB1F8}.Debug|Win32.Build.0 = Debug|Win32
		{AD90A85F-1F57-40F3-8E87-894E7EACB1F8}.Debug|x64.ActiveCfg = Debug|x64
		{AD90A85F-1F57-40F3-8E87-894E7EACB1F8}.kifdll64|Mixed Platforms.ActiveCfg = Release|Win32
		{AD90A85F-1F57-40F3-8E87-894E7EACB1F8}.kifdll64|Mixed Platforms.Build.0 = Release|Win32
		{AD90A85F-1F57-40F3-8E87-894E7EACB1F8}.kifdll64|Win32.ActiveCfg = Release|x64
		{AD90A85F-1F57-40F3-8E87-894E7EACB1F8}.kifdll64|x64.ActiveCfg = Release|x64
		{AD90A85F-1F57-40F3-8E87-894E7EACB1F8}.kifdll64|x64.Build.0 = Release|x64
		{AD90A85F-1F57-40F3-8E87-894E7EACB1F8}.Release|Mixed Platforms.ActiveCfg = Release|Win32
		{AD90A85F-1F57-40F3-8E87-894E7EACB1F8}.Release|Mixed Platforms.Build.0 = Release|Win32
		{AD90A85F-1F57-40F3-8E87-894E7EACB1F8}.Release|Win32.ActiveCfg = Release|Win32
		{AD90A85F-1F57-40F3-8E87-894E7EACB1F8}.Release|Win32.Build.0 = Release|Win32
		{AD90A85F-1F57-40F3-8E87-894E7EACB1F8}.Release|x64.ActiveCfg = Release|x64
		{1E6ACBEF-A252-4130-8BF5-CE184C19FDBF}.Debug|Mixed Platforms.ActiveCfg = Debug|Win32
		{1E6ACBEF-A252-4130-8BF5-CE184C19FDBF}.Debug|Mixed Platforms.Build.0 = Debug|Win32
		{1E6ACBEF-A252-4130-8BF5-CE184C19FDBF}.Debug|Win32.ActiveCfg = Debug|Win32
		{1E6ACBEF-A252-4130-8BF5-CE184C19FDBF}.Debug|Win32.Build.0 = Debug|Win32
		{1E6ACBEF-A252-4130-8BF5-CE184C19FDBF}.Debug|x64.ActiveCfg = Debug|Win32
		{1E6ACBEF-A252-4130-8BF5-CE184C19FDBF}.kifdll64|Mixed Platforms.ActiveCfg = Release|Win32
		{1E6ACBEF-A252-4130-8BF5-CE184C19FDBF}.kifdll64|Mixed Platforms.Build.0 = Release|Win32
		{1E6ACBEF-A252-4130-8BF5-CE184C19FDBF}.kifdll64|Win32.ActiveCfg = Release|Win32
		{1E6ACBEF-A252-4130-8BF5-CE184C19FDBF}.kifdll64|Win32.Build.0 = Release|Win32
		{1E6ACBEF-A252-4130-8BF5-CE184C19FDBF}.kifdll64|x64.ActiveCfg = Release|Win32
		{1E6ACBEF-A252-4130-8BF5-CE184C19FDBF}.Release|Mixed Platforms.ActiveCfg = Release|Win32
		{1E6ACBEF-A252-4130-8BF5-CE184C19FDBF}.Release|Mixed Platforms.Build.0 = Release|Win32
		{1E6ACBEF-A252-4130-8BF5-CE184C19FDBF}.Release|Win32.ActiveCfg = Release|Win32
		{1E6ACBEF-A252-4130-8BF5-CE184C19FDBF}.Release|Win32.Build.0 = Release|Win32
		{1E6ACBEF-A252-4130-8BF5-CE184C19FDBF}.Release|x64.ActiveCfg = Release|Win32
		{13FED12A-BB77-4305-99C5-4783ED3C283A}.Debug|Mixed Platforms.ActiveCfg = Debug|Win32
		{13FED12A-BB77-4305-99C5-4783ED3C283A}.Debug|Mixed Platforms.Build.0 = Debug|Win32
		{13FED12A-BB77-4305-99C5-4783ED3C283A}.Debug|Win32.ActiveCfg = Debug|Win32
		{13FED12A-BB77-4305-99C5-4783ED3C283A}.Debug|Win32.Build.0 = Debug|Win32
		{13FED12A-BB77-4305-99C5-4783ED3C283A}.Debug|x64.ActiveCfg = Debug|Win32
		{13FED12A-BB77-4305-99C5-4783ED3C283A}.kifdll64|Mixed Platforms.ActiveCfg = Release|Win32
		{13FED12A-BB77-4305-99C5-4783ED3C283A}.kifdll64|Mixed Platforms.Build.0 = Release|Win32
		{13FED12A-BB77-4305-99C5-4783ED3C283A}.kifdll64|Win32.ActiveCfg = Release|Win32
		{13FED12A-BB77-4305-99C5-4783ED3C283A}.kifdll64|Win32.Build.0 = Release|Win32
		{13FED12A-BB77-4305-99C5-4783ED3C283A}.kifdll64|x64.ActiveCfg = Release|Win32
		{13FED12A-BB77-4305-99C5-4783ED3C283A}.Release|Mixed Platforms.ActiveCfg = Release|Win32
		{13FED12A-BB77-4305-99C5-4783ED3C283A}.Release|Mixed Platforms.Build.0 = Release|Win32
		{13FED12A-BB77-4305-99C5-4783ED3C283A}.Release|Win32.ActiveCfg = Release|Win32
		{13FED12A-BB77-4305-99C5-4783ED3C283A}.Release|Win32.Build.0 = Release|Win32
		{13FED12A-BB77-4305-99C5-4783ED3C283A}.Release|x64.ActiveCfg = Release|Win32
		{F67A830C-9F2B-4882-BDFB-75C2BE5710E8}.Debug|Mixed Platforms.ActiveCfg = Debug|Win32
		{F67A830C-9F2B-4882-BDFB-75C2BE5710E8}.Debug|Mixed Platforms.Build.0 = Debug|Win32
		{F67A830C-9F2B-4882-BDFB-75C2BE5710E8}.Debug|Win32.ActiveCfg = Debug|Win32
		{F67A830C-9F2B-4882-BDFB-75C2BE5710E8}.Debug|Win32.Build.0 = Debug|Win32
		{F67A830C-9F2B-4882-BDFB-75C2BE5710E8}.Debug|x64.ActiveCfg = Debug|Win32
		{F67A830C-9F2B-4882-BDFB-75C2BE5710E8}.kifdll64|Mixed Platforms.ActiveCfg = Release|Win32
		{F67A830C-9F2B-4882-BDFB-75C2BE5710E8}.kifdll64|Mixed Platforms.Build.0 = Release|Win32
		{F67A830C-9F2B-4882-BDFB-75C2BE5710E8}.kifdll64|Win32.ActiveCfg = Release|Win32
		{F67A830C-9F2B-4882-BDFB-75C2BE5710E8}.kifdll64|Win32.Build.0 = Release|Win32
		{F67A830C-9F2B-4882-BDFB-75C2BE5710E8}.kifdll64|x64.ActiveCfg = Release|Win32
		{F67A830C-9F2B-4882-BDFB-75C2BE5710E8}.Release|Mixed Platforms.ActiveCfg = Release|Win32
		{F67A830C-9F2B-4882-BDFB-75C2BE5710E8}.Release|Mixed Platforms.Build.0 = Release|Win32
		{F67A830C-9F2B-4882-BDFB-75C2BE5710E8}.Release|Win32.ActiveCfg = Release|Win32
		{F67A830C-9F2B-4882-BDFB-75C2BE5710E8}.Release|Win32.Build.0 = Release|Win32
		{F67A830C-9F2B-4882-BDFB-75C2BE5710E8}.Release|x64.ActiveCfg = Release|Win32
		{E7EF9876-2C69-4F0D-822D-5CDBBE7D026A}.Debug|Mixed Platforms.ActiveCfg = Debug|Win32
		{E7EF9876-2C69-4F0D-822D-5CDBBE7D026A}.Debug|Mixed Platforms.Build.0 = Debug|Win32
		{E7EF9876-2C69-4F0D-822D-5CDBBE7D026A}.Debug|Win32.ActiveCfg = Debug|Win32
		{E7EF9876-2C69-4F0D-822D-5CDBBE7D026A}.Debug|Win32.Build.0 = Debug|Win32
		{E7EF9876-2C69-4F0D-822D-5CDBBE7D026A}.Debug|x64.ActiveCfg = Debug|x64
		{E7EF9876-2C69-4F0D-822D-5CDBBE7D026A}.kifdll64|Mixed Platforms.ActiveCfg = Release|Win32
		{E7EF9876-2C69-4F0D-822D-5CDBBE7D026A}.kifdll64|Mixed Platforms.Build.0 = Release|Win32
		{E7EF9876-2C69-4F0D-822D-5CDBBE7D026A}.kifdll64|Win32.ActiveCfg = Release|x64
		{E7EF9876-2C69-4F0D-822D-5CDBBE7D026A}.kifdll64|x64.ActiveCfg = Release|Win32
		{E7EF9876-2C69-4F0D-822D-5CDBBE7D026A}.Release|Mixed Platforms.ActiveCfg = Release|Win32
		{E7EF9876-2C69-4F0D-822D-5CDBBE7D026A}.Release|Mixed Platforms.Build.0 = Release|Win32
		{E7EF9876-2C69-4F0D-822D-5CDBBE7D026A}.Release|Win32.ActiveCfg = Release|Win32
		{E7EF9876-2C69-4F0D-822D-5CDBBE7D026A}.Release|Win32.Build.0 = Release|Win32
		{E7EF9876-2C69-4F0D-822D-5CDBBE7D026A}.Release|x64.ActiveCfg = Release|x64
		{03926209-87EE-44B6-B475-B98083B41D4E}.Debug|Mixed Platforms.ActiveCfg = Debug
		{03926209-87EE-44B6-B475-B98083B41D4E}.Debug|Win32.ActiveCfg = Debug
		{03926209-87EE-44B6-B475-B98083B41D4E}.Debug|x64.ActiveCfg = Debug
		{03926209-87EE-44B6-B475-B98083B41D4E}.kifdll64|Mixed Platforms.ActiveCfg = Release
		{03926209-87EE-44B6-B475-B98083B41D4E}.kifdll64|Win32.ActiveCfg = Release
		{03926209-87EE-44B6-B475-B98083B41D4E}.kifdll64|x64.ActiveCfg = Release
		{03926209-87EE-44B6-B475-B98083B41D4E}.Release|Mixed Platforms.ActiveCfg = Release
		{03926209-87EE-44B6-B475-B98083B41D4E}.Release|Win32.ActiveCfg = Release
		{03926209-87EE-44B6-B475-B98083B41D4E}.Release|x64.ActiveCfg = Release
		{BF2B499E-7CE3-40E6-A8F8-7789AE62BF10}.Debug|Mixed Platforms.ActiveCfg = Debug|Win32
		{BF2B499E-7CE3-40E6-A8F8-7789AE62BF10}.Debug|Mixed Platforms.Build.0 = Debug|Win32
		{BF2B499E-7CE3-40E6-A8F8-7789AE62BF10}.Debug|Win32.ActiveCfg = Debug|Win32
		{BF2B499E-7CE3-40E6-A8F8-7789AE62BF10}.Debug|Win32.Build.0 = Debug|Win32
		{BF2B499E-7CE3-40E6-A8F8-7789AE62BF10}.Debug|x64.ActiveCfg = Debug|Win32
		{BF2B499E-7CE3-40E6-A8F8-7789AE62BF10}.kifdll64|Mixed Platforms.ActiveCfg = Release|Win32
		{BF2B499E-7CE3-40E6-A8F8-7789AE62BF10}.kifdll64|Mixed Platforms.Build.0 = Release|Win32
		{BF2B499E-7CE3-40E6-A8F8-7789AE62BF10}.kifdll64|Win32.ActiveCfg = Release|Win32
		{BF2B499E-7CE3-40E6-A8F8-7789AE62BF10}.kifdll64|Win32.Build.0 = Release|Win32
		{BF2B499E-7CE3-40E6-A8F8-7789AE62BF10}.kifdll64|x64.ActiveCfg = Release|Win32
		{BF2B499E-7CE3-40E6-A8F8-7789AE62BF10}.Release|Mixed Platforms.ActiveCfg = Release|Win32
		{BF2B499E-7CE3-40E6-A8F8-7789AE62BF10}.Release|Mixed Platforms.Build.0 = Release|Win32
		{BF2B499E-7CE3-40E6-A8F8-7789AE62BF10}.Release|Win32.ActiveCfg = Release|Win32
		{BF2B499E-7CE3-40E6-A8F8-7789AE62BF10}.Release|Win32.Build.0 = Release|Win32
		{BF2B499E-7CE3-40E6-A8F8-7789AE62BF10}.Release|x64.ActiveCfg = Release|Win32
		{405EDE7A-DBBD-4118-8560-ED02FDCF9F6A}.Debug|Mixed Platforms.ActiveCfg = Debug
		{405EDE7A-DBBD-4118-8560-ED02FDCF9F6A}.Debug|Win32.ActiveCfg = Debug
		{405EDE7A-DBBD-4118-8560-ED02FDCF9F6A}.Debug|x64.ActiveCfg = Debug
		{405EDE7A-DBBD-4118-8560-ED02FDCF9F6A}.kifdll64|Mixed Platforms.ActiveCfg = Release
		{405EDE7A-DBBD-4118-8560-ED02FDCF9F6A}.kifdll64|Win32.ActiveCfg = Release
		{405EDE7A-DBBD-4118-8560-ED02FDCF9F6A}.kifdll64|x64.ActiveCfg = Release
		{405EDE7A-DBBD-4118-8560-ED02FDCF9F6A}.Release|Mixed Platforms.ActiveCfg = Release
		{405EDE7A-DBBD-4118-8560-ED02FDCF9F6A}.Release|Win32.ActiveCfg = Release
		{405EDE7A-DBBD-4118-8560-ED02FDCF9F6A}.Release|x64.ActiveCfg = Release
		{8EC53676-124A-4CD1-85D8-312599E4DC54}.Debug|Mixed Platforms.ActiveCfg = Debug|Win32
		{8EC53676-124A-4CD1-85D8-312599E4DC54}.Debug|Win32.ActiveCfg = Debug|Win32
		{8EC53676-124A-4CD1-85D8-312599E4DC54}.Debug|Win32.Build.0 = Debug|Win32
		{8EC53676-124A-4CD1-85D8-312599E4DC54}.Debug|x64.ActiveCfg = Debug|Win32
		{8EC53676-124A-4CD1-85D8-312599E4DC54}.kifdll64|Mixed Platforms.ActiveCfg = Release|Win32
		{8EC53676-124A-4CD1-85D8-312599E4DC54}.kifdll64|Win32.ActiveCfg = Release|Win32
		{8EC53676-124A-4CD1-85D8-312599E4DC54}.kifdll64|Win32.Build.0 = Release|Win32
		{8EC53676-124A-4CD1-85D8-312599E4DC54}.kifdll64|x64.ActiveCfg = Release|Win32
		{8EC53676-124A-4CD1-85D8-312599E4DC54}.Release|Mixed Platforms.ActiveCfg = Release|Win32
		{8EC53676-124A-4CD1-85D8-312599E4DC54}.Release|Win32.ActiveCfg = Release|Win32
		{8EC53676-124A-4CD1-85D8-312599E4DC54}.Release|Win32.Build.0 = Release|Win32
		{8EC53676-124A-4CD1-85D8-312599E4DC54}.Release|x64.ActiveCfg = Release|Win32
		{F0CD07C7-11A7-4E1C-A065-81F170D516B2}.Debug|Mixed Platforms.ActiveCfg = Debug|Win32
		{F0CD07C7-11A7-4E1C-A065-81F170D516B2}.Debug|Mixed Platforms.Build.0 = Debug|Win32
		{F0CD07C7-11A7-4E1C-A065-81F170D516B2}.Debug|Win32.ActiveCfg = Debug|Win32
		{F0CD07C7-11A7-4E1C-A065-81F170D516B2}.Debug|Win32.Build.0 = Debug|Win32
		{F0CD07C7-11A7-4E1C-A065-81F170D516B2}.Debug|x64.ActiveCfg = Debug|Win32
		{F0CD07C7-11A7-4E1C-A065-81F170D516B2}.kifdll64|Mixed Platforms.ActiveCfg = Release|Win32
		{F0CD07C7-11A7-4E1C-A065-81F170D516B2}.kifdll64|Mixed Platforms.Build.0 = Release|Win32
		{F0CD07C7-11A7-4E1C-A065-81F170D516B2}.kifdll64|Win32.ActiveCfg = Release|Win32
		{F0CD07C7-11A7-4E1C-A065-81F170D516B2}.kifdll64|Win32.Build.0 = Release|Win32
		{F0CD07C7-11A7-4E1C-A065-81F170D516B2}.kifdll64|x64.ActiveCfg = Release|Win32
		{F0CD07C7-11A7-4E1C-A065-81F170D516B2}.Release|Mixed Platforms.ActiveCfg = Release|Win32
		{F0CD07C7-11A7-4E1C-A065-81F170D516B2}.Release|Mixed Platforms.Build.0 = Release|Win32
		{F0CD07C7-11A7-4E1C-A065-81F170D516B2}.Release|Win32.ActiveCfg = Release|Win32
		{F0CD07C7-11A7-4E1C-A065-81F170D516B2}.Release|Win32.Build.0 = Release|Win32
		{F0CD07C7-11A7-4E1C-A065-81F170D516B2}.Release|x64.ActiveCfg = Release|x64
		{5CAA9C75-198D-451C-AC32-8F6F278595B5}.Debug|Mixed Platforms.ActiveCfg = Debug|Win32
		{5CAA9C75-198D-451C-AC32-8F6F278595B5}.Debug|Mixed Platforms.Build.0 = Debug|Win32
		{5CAA9C75-198D-451C-AC32-8F6F278595B5}.Debug|Win32.ActiveCfg = Debug|Win32
		{5CAA9C75-198D-451C-AC32-8F6F278595B5}.Debug|Win32.Build.0 = Debug|Win32
		{5CAA9C75-198D-451C-AC32-8F6F278595B5}.Debug|x64.ActiveCfg = Debug|Win32
		{5CAA9C75-198D-451C-AC32-8F6F278595B5}.kifdll64|Mixed Platforms.ActiveCfg = Release|Win32
		{5CAA9C75-198D-451C-AC32-8F6F278595B5}.kifdll64|Mixed Platforms.Build.0 = Release|Win32
		{5CAA9C75-198D-451C-AC32-8F6F278595B5}.kifdll64|Win32.ActiveCfg = Release|Win32
		{5CAA9C75-198D-451C-AC32-8F6F278595B5}.kifdll64|Win32.Build.0 = Release|Win32
		{5CAA9C75-198D-451C-AC32-8F6F278595B5}.kifdll64|x64.ActiveCfg = Release|Win32
		{5CAA9C75-198D-451C-AC32-8F6F278595B5}.Release|Mixed Platforms.ActiveCfg = Release|Win32
		{5CAA9C75-198D-451C-AC32-8F6F278595B5}.Release|Mixed Platforms.Build.0 = Release|Win32
		{5CAA9C75-198D-451C-AC32-8F6F278595B5}.Release|Win32.ActiveCfg = Release|Win32
		{5CAA9C75-198D-451C-AC32-8F6F278595B5}.Release|Win32.Build.0 = Release|Win32
		{5CAA9C75-198D-451C-AC32-8F6F278595B5}.Release|x64.ActiveCfg = Release|Win32
		{EF3D9182-9928-410F-8665-05F3251F2436}.Debug|Mixed Platforms.ActiveCfg = Debug|Win32
		{EF3D9182-9928-410F-8665-05F3251F2436}.Debug|Mixed Platforms.Build.0 = Debug|Win32
		{EF3D9182-9928-410F-8665-05F3251F2436}.Debug|Win32.ActiveCfg = Debug|Win32
		{EF3D9182-9928-410F-8665-05F3251F2436}.Debug|Win32.Build.0 = Debug|Win32
		{EF3D9182-9928-410F-8665-05F3251F2436}.Debug|x64.ActiveCfg = Debug|x64
		{EF3D9182-9928-410F-8665-05F3251F2436}.kifdll64|Mixed Platforms.ActiveCfg = Release|Win32
		{EF3D9182-9928-410F-8665-05F3251F2436}.kifdll64|Mixed Platforms.Build.0 = Release|Win32
		{EF3D9182-9928-410F-8665-05F3251F2436}.kifdll64|Win32.ActiveCfg = Release|Win32
		{EF3D9182-9928-410F-8665-05F3251F2436}.kifdll64|Win32.Build.0 = Release|Win32
		{EF3D9182-9928-410F-8665-05F3251F2436}.kifdll64|x64.ActiveCfg = Release|Win32
		{EF3D9182-9928-410F-8665-05F3251F2436}.Release|Mixed Platforms.ActiveCfg = Release|Win32
		{EF3D9182-9928-410F-8665-05F3251F2436}.Release|Mixed Platforms.Build.0 = Release|Win32
		{EF3D9182-9928-410F-8665-05F3251F2436}.Release|Win32.ActiveCfg = Release|Win32
		{EF3D9182-9928-410F-8665-05F3251F2436}.Release|Win32.Build.0 = Release|Win32
		{EF3D9182-9928-410F-8665-05F3251F2436}.Release|x64.ActiveCfg = Release|x64
		{8F2DEE87-A6C4-4C40-9AF6-1B69991F582B}.Debug|Mixed Platforms.ActiveCfg = Debug|Win32
		{8F2DEE87-A6C4-4C40-9AF6-1B69991F582B}.Debug|Mixed Platforms.Build.0 = Debug|Win32
		{8F2DEE87-A6C4-4C40-9AF6-1B69991F582B}.Debug|Win32.ActiveCfg = Debug|Win32
		{8F2DEE87-A6C4-4C40-9AF6-1B69991F582B}.Debug|Win32.Build.0 = Debug|Win32
		{8F2DEE87-A6C4-4C40-9AF6-1B69991F582B}.Debug|x64.ActiveCfg = Debug|x64
		{8F2DEE87-A6C4-4C40-9AF6-1B69991F582B}.Debug|x64.Build.0 = Debug|x64
		{8F2DEE87-A6C4-4C40-9AF6-1B69991F582B}.kifdll64|Mixed Platforms.ActiveCfg = Release|Win32
		{8F2DEE87-A6C4-4C40-9AF6-1B69991F582B}.kifdll64|Mixed Platforms.Build.0 = Release|Win32
		{8F2DEE87-A6C4-4C40-9AF6-1B69991F582B}.kifdll64|Win32.ActiveCfg = Release|Win32
		{8F2DEE87-A6C4-4C40-9AF6-1B69991F582B}.kifdll64|Win32.Build.0 = Release|Win32
		{8F2DEE87-A6C4-4C40-9AF6-1B69991F582B}.kifdll64|x64.ActiveCfg = Release|x64
		{8F2DEE87-A6C4-4C40-9AF6-1B69991F582B}.kifdll64|x64.Build.0 = Release|x64
		{8F2DEE87-A6C4-4C40-9AF6-1B69991F582B}.Release|Mixed Platforms.ActiveCfg = Release|Win32
		{8F2DEE87-A6C4-4C40-9AF6-1B69991F582B}.Release|Mixed Platforms.Build.0 = Release|Win32
		{8F2DEE87-A6C4-4C40-9AF6-1B69991F582B}.Release|Win32.ActiveCfg = Release|Win32
		{8F2DEE87-A6C4-4C40-9AF6-1B69991F582B}.Release|Win32.Build.0 = Release|Win32
		{8F2DEE87-A6C4-4C40-9AF6-1B69991F582B}.Release|x64.ActiveCfg = Release|x64
		{8F2DEE87-A6C4-4C40-9AF6-1B69991F582B}.Release|x64.Build.0 = Release|x64
	EndGlobalSection
	GlobalSection(SolutionProperties) = preSolution
		HideSolutionNode = FALSE
	EndGlobalSection
	GlobalSection(ExtensibilityGlobals) = postSolution
		AMDCaProjectFile = C:\XIP\XIP7\xip64\CodeAnalyst\xip64.caw
	EndGlobalSection
EndGlobal
