<?xml version="1.0" encoding="utf-8"?>
<Project ToolsVersion="4.0" xmlns="http://schemas.microsoft.com/developer/msbuild/2003">
  <ItemGroup>
    <Filter Include="Source Files">
      <UniqueIdentifier>{4FC737F1-C7A5-4376-A066-2A32D752A2FF}</UniqueIdentifier>
      <Extensions>cpp;c;cc;cxx;def;odl;idl;hpj;bat;asm;asmx</Extensions>
    </Filter>
    <Filter Include="Header Files">
      <UniqueIdentifier>{93995380-89BD-4b04-88EB-625FBE52EBFB}</UniqueIdentifier>
      <Extensions>h;hpp;hxx;hm;inl;inc;xsd</Extensions>
    </Filter>
    <Filter Include="Resource Files">
      <UniqueIdentifier>{67DA6AB6-F800-4c08-8B7A-83BB121AAD01}</UniqueIdentifier>
      <Extensions>rc;ico;cur;bmp;dlg;rc2;rct;bin;rgs;gif;jpg;jpeg;jpe;resx;tiff;tif;png;wav;mfcribbon-ms</Extensions>
    </Filter>
  </ItemGroup>
  <ItemGroup>
    <None Include="ReadMe.txt" />
  </ItemGroup>
  <ItemGroup>
    <ClCompile Include="W:\users\Roux\xip\parSem\xml\dev\libxml2-2.7.8\xmlregexp.c">
      <Filter>Source Files</Filter>
    </ClCompile>
    <ClCompile Include="W:\users\Roux\xip\parSem\xml\dev\libxml2-2.7.8\xmlsave.c">
      <Filter>Source Files</Filter>
    </ClCompile>
    <ClCompile Include="W:\users\Roux\xip\parSem\xml\dev\libxml2-2.7.8\xmlschemas.c">
      <Filter>Source Files</Filter>
    </ClCompile>
    <ClCompile Include="W:\users\Roux\xip\parSem\xml\dev\libxml2-2.7.8\xmlschemastypes.c">
      <Filter>Source Files</Filter>
    </ClCompile>
    <ClCompile Include="W:\users\Roux\xip\parSem\xml\dev\libxml2-2.7.8\xmlstring.c">
      <Filter>Source Files</Filter>
    </ClCompile>
    <ClCompile Include="W:\users\Roux\xip\parSem\xml\dev\libxml2-2.7.8\xmlunicode.c">
      <Filter>Source Files</Filter>
    </ClCompile>
    <ClCompile Include="W:\users\Roux\xip\parSem\xml\dev\libxml2-2.7.8\xmlwriter.c">
      <Filter>Source Files</Filter>
    </ClCompile>
    <ClCompile Include="W:\users\Roux\xip\parSem\xml\dev\libxml2-2.7.8\xpath.c">
      <Filter>Source Files</Filter>
    </ClCompile>
    <ClCompile Include="W:\users\Roux\xip\parSem\xml\dev\libxml2-2.7.8\xpointer.c">
      <Filter>Source Files</Filter>
    </ClCompile>
    <ClCompile Include="W:\users\Roux\xip\parSem\xml\dev\libxml2-2.7.8\c14n.c">
      <Filter>Source Files</Filter>
    </ClCompile>
    <ClCompile Include="W:\users\Roux\xip\parSem\xml\dev\libxml2-2.7.8\catalog.c">
      <Filter>Source Files</Filter>
    </ClCompile>
    <ClCompile Include="W:\users\Roux\xip\parSem\xml\dev\libxml2-2.7.8\chvalid.c">
      <Filter>Source Files</Filter>
    </ClCompile>
    <ClCompile Include="W:\users\Roux\xip\parSem\xml\dev\libxml2-2.7.8\debugXML.c">
      <Filter>Source Files</Filter>
    </ClCompile>
    <ClCompile Include="W:\users\Roux\xip\parSem\xml\dev\libxml2-2.7.8\dict.c">
      <Filter>Source Files</Filter>
    </ClCompile>
    <ClCompile Include="W:\users\Roux\xip\parSem\xml\dev\libxml2-2.7.8\DOCBparser.c">
      <Filter>Source Files</Filter>
    </ClCompile>
    <ClCompile Include="W:\users\Roux\xip\parSem\xml\dev\libxml2-2.7.8\encoding.c">
      <Filter>Source Files</Filter>
    </ClCompile>
    <ClCompile Include="W:\users\Roux\xip\parSem\xml\dev\libxml2-2.7.8\entities.c">
      <Filter>Source Files</Filter>
    </ClCompile>
    <ClCompile Include="W:\users\Roux\xip\parSem\xml\dev\libxml2-2.7.8\error.c">
      <Filter>Source Files</Filter>
    </ClCompile>
    <ClCompile Include="W:\users\Roux\xip\parSem\xml\dev\libxml2-2.7.8\globals.c">
      <Filter>Source Files</Filter>
    </ClCompile>
    <ClCompile Include="W:\users\Roux\xip\parSem\xml\dev\libxml2-2.7.8\hash.c">
      <Filter>Source Files</Filter>
    </ClCompile>
    <ClCompile Include="W:\users\Roux\xip\parSem\xml\dev\libxml2-2.7.8\HTMLparser.c">
      <Filter>Source Files</Filter>
    </ClCompile>
    <ClCompile Include="W:\users\Roux\xip\parSem\xml\dev\libxml2-2.7.8\HTMLtree.c">
      <Filter>Source Files</Filter>
    </ClCompile>
    <ClCompile Include="W:\users\Roux\xip\parSem\xml\dev\libxml2-2.7.8\legacy.c">
      <Filter>Source Files</Filter>
    </ClCompile>
    <ClCompile Include="W:\users\Roux\xip\parSem\xml\dev\libxml2-2.7.8\list.c">
      <Filter>Source Files</Filter>
    </ClCompile>
    <ClCompile Include="W:\users\Roux\xip\parSem\xml\dev\libxml2-2.7.8\nanoftp.c">
      <Filter>Source Files</Filter>
    </ClCompile>
    <ClCompile Include="W:\users\Roux\xip\parSem\xml\dev\libxml2-2.7.8\nanohttp.c">
      <Filter>Source Files</Filter>
    </ClCompile>
    <ClCompile Include="W:\users\Roux\xip\parSem\xml\dev\libxml2-2.7.8\parser.c">
      <Filter>Source Files</Filter>
    </ClCompile>
    <ClCompile Include="W:\users\Roux\xip\parSem\xml\dev\libxml2-2.7.8\parserInternals.c">
      <Filter>Source Files</Filter>
    </ClCompile>
    <ClCompile Include="W:\users\Roux\xip\parSem\xml\dev\libxml2-2.7.8\pattern.c">
      <Filter>Source Files</Filter>
    </ClCompile>
    <ClCompile Include="W:\users\Roux\xip\parSem\xml\dev\libxml2-2.7.8\relaxng.c">
      <Filter>Source Files</Filter>
    </ClCompile>
    <ClCompile Include="W:\users\Roux\xip\parSem\xml\dev\libxml2-2.7.8\SAX.c">
      <Filter>Source Files</Filter>
    </ClCompile>
    <ClCompile Include="W:\users\Roux\xip\parSem\xml\dev\libxml2-2.7.8\SAX2.c">
      <Filter>Source Files</Filter>
    </ClCompile>
    <ClCompile Include="W:\users\Roux\xip\parSem\xml\dev\libxml2-2.7.8\threads.c">
      <Filter>Source Files</Filter>
    </ClCompile>
    <ClCompile Include="W:\users\Roux\xip\parSem\xml\dev\libxml2-2.7.8\tree.c">
      <Filter>Source Files</Filter>
    </ClCompile>
    <ClCompile Include="W:\users\Roux\xip\parSem\xml\dev\libxml2-2.7.8\uri.c">
      <Filter>Source Files</Filter>
    </ClCompile>
    <ClCompile Include="W:\users\Roux\xip\parSem\xml\dev\libxml2-2.7.8\valid.c">
      <Filter>Source Files</Filter>
    </ClCompile>
    <ClCompile Include="W:\users\Roux\xip\parSem\xml\dev\libxml2-2.7.8\xinclude.c">
      <Filter>Source Files</Filter>
    </ClCompile>
    <ClCompile Include="W:\users\Roux\xip\parSem\xml\dev\libxml2-2.7.8\xlink.c">
      <Filter>Source Files</Filter>
    </ClCompile>
    <ClCompile Include="W:\users\Roux\xip\parSem\xml\dev\libxml2-2.7.8\xmlcatalog.c">
      <Filter>Source Files</Filter>
    </ClCompile>
    <ClCompile Include="W:\users\Roux\xip\parSem\xml\dev\libxml2-2.7.8\xmlIO.c">
      <Filter>Source Files</Filter>
    </ClCompile>
    <ClCompile Include="W:\users\Roux\xip\parSem\xml\dev\libxml2-2.7.8\xmlmemory.c">
      <Filter>Source Files</Filter>
    </ClCompile>
    <ClCompile Include="W:\users\Roux\xip\parSem\xml\dev\libxml2-2.7.8\xmlmodule.c">
      <Filter>Source Files</Filter>
    </ClCompile>
    <ClCompile Include="W:\users\Roux\xip\parSem\xml\dev\libxml2-2.7.8\xmlreader.c">
      <Filter>Source Files</Filter>
    </ClCompile>
    <ClCompile Include="W:\users\Roux\xip\parSem\xml\dev\libxml2-2.7.8\trio.c">
      <Filter>Source Files</Filter>
    </ClCompile>
    <ClCompile Include="W:\users\Roux\xip\parSem\xml\dev\libxml2-2.7.8\trionan.c">
      <Filter>Source Files</Filter>
    </ClCompile>
    <ClCompile Include="W:\users\Roux\xip\parSem\xml\dev\libxml2-2.7.8\triostr.c">
      <Filter>Source Files</Filter>
    </ClCompile>
  </ItemGroup>
</Project>