
Microsoft Visual Studio Solution File, Format Version 11.00
# Visual Studio 2010
Project("{8BC9CEB8-8B4A-11D0-8D11-00A0C91BC942}") = "KIFF", "KIFF\KIFF.vcxproj", "{D23B0690-0D38-403D-ABD3-930A09979E8B}"
EndProject
Project("{54435603-DBB4-11D2-8724-00A0C9A8B90C}") = "KIFFinstall", "KIFFinstall\KIFFinstall.vdproj", "{AD8A5965-5EA3-4AB8-BE41-2F0C3431A55A}"
EndProject
Project("{54435603-DBB4-11D2-8724-00A0C9A8B90C}") = "KIFFinstall32", "KIFFinstall32\KIFFinstall32.vdproj", "{4E496AF2-61E6-484B-80B3-2017301C9429}"
EndProject
Global
	GlobalSection(SolutionConfigurationPlatforms) = preSolution
		Debug|Win32 = Debug|Win32
		Debug|x64 = Debug|x64
		Release|Win32 = Release|Win32
		Release|x64 = Release|x64
	EndGlobalSection
	GlobalSection(ProjectConfigurationPlatforms) = postSolution
		{D23B0690-0D38-403D-ABD3-930A09979E8B}.Debug|Win32.ActiveCfg = Debug|Win32
		{D23B0690-0D38-403D-ABD3-930A09979E8B}.Debug|Win32.Build.0 = Debug|Win32
		{D23B0690-0D38-403D-ABD3-930A09979E8B}.Debug|x64.ActiveCfg = Debug|x64
		{D23B0690-0D38-403D-ABD3-930A09979E8B}.Debug|x64.Build.0 = Debug|x64
		{D23B0690-0D38-403D-ABD3-930A09979E8B}.Release|Win32.ActiveCfg = Release|Win32
		{D23B0690-0D38-403D-ABD3-930A09979E8B}.Release|Win32.Build.0 = Release|Win32
		{D23B0690-0D38-403D-ABD3-930A09979E8B}.Release|x64.ActiveCfg = Release|x64
		{D23B0690-0D38-403D-ABD3-930A09979E8B}.Release|x64.Build.0 = Release|x64
		{AD8A5965-5EA3-4AB8-BE41-2F0C3431A55A}.Debug|Win32.ActiveCfg = Debug
		{AD8A5965-5EA3-4AB8-BE41-2F0C3431A55A}.Debug|x64.ActiveCfg = Debug
		{AD8A5965-5EA3-4AB8-BE41-2F0C3431A55A}.Release|Win32.ActiveCfg = Release
		{AD8A5965-5EA3-4AB8-BE41-2F0C3431A55A}.Release|x64.ActiveCfg = Release
		{4E496AF2-61E6-484B-80B3-2017301C9429}.Debug|Win32.ActiveCfg = Debug
		{4E496AF2-61E6-484B-80B3-2017301C9429}.Debug|x64.ActiveCfg = Debug
		{4E496AF2-61E6-484B-80B3-2017301C9429}.Release|Win32.ActiveCfg = Release
		{4E496AF2-61E6-484B-80B3-2017301C9429}.Release|x64.ActiveCfg = Release
	EndGlobalSection
	GlobalSection(SolutionProperties) = preSolution
		HideSolutionNode = FALSE
	EndGlobalSection
EndGlobal
