
Microsoft Visual Studio Solution File, Format Version 12.00
# Visual Studio 2013
VisualStudioVersion = 12.0.21005.1
MinimumVisualStudioVersion = 10.0.40219.1
Project("{8BC9CEB8-8B4A-11D0-8D11-00A0C91BC942}") = "clef", "clef\clef.vcxproj", "{01DB268E-B97C-45BA-AD84-EA661162051B}"
EndProject
Project("{8BC9CEB8-8B4A-11D0-8D11-00A0C91BC942}") = "client", "client\client.vcxproj", "{F633F983-DB8F-4ED0-A50E-55FFEC149E2C}"
EndProject
Project("{8BC9CEB8-8B4A-11D0-8D11-00A0C91BC942}") = "jmdllstl", "jmdllstl\jmdllstl.vcxproj", "{A476424D-32C5-4B78-B2AF-32A13554BF4A}"
EndProject
Project("{8BC9CEB8-8B4A-11D0-8D11-00A0C91BC942}") = "nhlxipdos", "nhlxipdos\nhlxipdos.vcxproj", "{8105A966-FDEB-4036-BF11-DA302B681B49}"
EndProject
Project("{8BC9CEB8-8B4A-11D0-8D11-00A0C91BC942}") = "nhxipdos", "nhxipdos\nhxipdos.vcxproj", "{31C50757-BA09-4586-88CB-D03B35EA9754}"
EndProject
Project("{8BC9CEB8-8B4A-11D0-8D11-00A0C91BC942}") = "nhxmlxipdos", "nhxmlxipdos\nhxmlxipdos.vcxproj", "{C741CB24-3187-4594-A966-2C8458ECFA7A}"
EndProject
Project("{8BC9CEB8-8B4A-11D0-8D11-00A0C91BC942}") = "resinternet", "resinternet\resinternet.vcxproj", "{D5A90DEF-933D-4800-8069-143FDFA9FD52}"
EndProject
Project("{8BC9CEB8-8B4A-11D0-8D11-00A0C91BC942}") = "stlnhxip", "stlnhxip\stlnhxip.vcxproj", "{0AAC1C8D-244D-48E8-98F3-508BA50BD782}"
EndProject
Project("{8BC9CEB8-8B4A-11D0-8D11-00A0C91BC942}") = "wordnet", "wordnet\wordnet.vcxproj", "{1BE8FF6D-2906-44F8-B6D9-13E709FC691F}"
EndProject
Project("{8BC9CEB8-8B4A-11D0-8D11-00A0C91BC942}") = "xipdll", "xipdll.vcxproj", "{E08E58C3-992D-40A1-A8F1-FB1F5FDE2C2D}"
EndProject
Project("{8BC9CEB8-8B4A-11D0-8D11-00A0C91BC942}") = "xipdllpure", "xipdllpure\xipdllpure.vcxproj", "{AC9807DF-469D-434E-8914-4EC13CDBB4FD}"
EndProject
Project("{8BC9CEB8-8B4A-11D0-8D11-00A0C91BC942}") = "xipdos", "xipdos\xipdos.vcxproj", "{968D467C-13AF-4FFB-8261-366CEE65B437}"
EndProject
Project("{8BC9CEB8-8B4A-11D0-8D11-00A0C91BC942}") = "xiplocal", "xiplocal\xiplocal.vcxproj", "{D528B56C-22DC-4FF9-A04A-CFAAE3BB4258}"
EndProject
Project("{8BC9CEB8-8B4A-11D0-8D11-00A0C91BC942}") = "xipstl", "xipstl\xipstl.vcxproj", "{D8BFACC7-4F3D-41E1-AA6D-F8BB0AEAF49B}"
EndProject
Project("{8BC9CEB8-8B4A-11D0-8D11-00A0C91BC942}") = "xipxstl", "xipxstl\xipxstl.vcxproj", "{EB21575F-589E-4470-950E-0BD5D273C760}"
EndProject
Global
	GlobalSection(SolutionConfigurationPlatforms) = preSolution
		Debug|Win32 = Debug|Win32
		Release|Win32 = Release|Win32
		Template|Win32 = Template|Win32
	EndGlobalSection
	GlobalSection(ProjectConfigurationPlatforms) = postSolution
		{01DB268E-B97C-45BA-AD84-EA661162051B}.Debug|Win32.ActiveCfg = Debug|Win32
		{01DB268E-B97C-45BA-AD84-EA661162051B}.Debug|Win32.Build.0 = Debug|Win32
		{01DB268E-B97C-45BA-AD84-EA661162051B}.Release|Win32.ActiveCfg = Release|Win32
		{01DB268E-B97C-45BA-AD84-EA661162051B}.Release|Win32.Build.0 = Release|Win32
		{01DB268E-B97C-45BA-AD84-EA661162051B}.Template|Win32.ActiveCfg = Release|Win32
		{01DB268E-B97C-45BA-AD84-EA661162051B}.Template|Win32.Build.0 = Release|Win32
		{F633F983-DB8F-4ED0-A50E-55FFEC149E2C}.Debug|Win32.ActiveCfg = Debug|Win32
		{F633F983-DB8F-4ED0-A50E-55FFEC149E2C}.Debug|Win32.Build.0 = Debug|Win32
		{F633F983-DB8F-4ED0-A50E-55FFEC149E2C}.Release|Win32.ActiveCfg = Release|Win32
		{F633F983-DB8F-4ED0-A50E-55FFEC149E2C}.Release|Win32.Build.0 = Release|Win32
		{F633F983-DB8F-4ED0-A50E-55FFEC149E2C}.Template|Win32.ActiveCfg = Template|Win32
		{F633F983-DB8F-4ED0-A50E-55FFEC149E2C}.Template|Win32.Build.0 = Template|Win32
		{A476424D-32C5-4B78-B2AF-32A13554BF4A}.Debug|Win32.ActiveCfg = Debug|Win32
		{A476424D-32C5-4B78-B2AF-32A13554BF4A}.Debug|Win32.Build.0 = Debug|Win32
		{A476424D-32C5-4B78-B2AF-32A13554BF4A}.Release|Win32.ActiveCfg = Release|Win32
		{A476424D-32C5-4B78-B2AF-32A13554BF4A}.Release|Win32.Build.0 = Release|Win32
		{A476424D-32C5-4B78-B2AF-32A13554BF4A}.Template|Win32.ActiveCfg = Template|Win32
		{A476424D-32C5-4B78-B2AF-32A13554BF4A}.Template|Win32.Build.0 = Template|Win32
		{8105A966-FDEB-4036-BF11-DA302B681B49}.Debug|Win32.ActiveCfg = Debug|Win32
		{8105A966-FDEB-4036-BF11-DA302B681B49}.Debug|Win32.Build.0 = Debug|Win32
		{8105A966-FDEB-4036-BF11-DA302B681B49}.Release|Win32.ActiveCfg = Release|Win32
		{8105A966-FDEB-4036-BF11-DA302B681B49}.Release|Win32.Build.0 = Release|Win32
		{8105A966-FDEB-4036-BF11-DA302B681B49}.Template|Win32.ActiveCfg = Template|Win32
		{8105A966-FDEB-4036-BF11-DA302B681B49}.Template|Win32.Build.0 = Template|Win32
		{31C50757-BA09-4586-88CB-D03B35EA9754}.Debug|Win32.ActiveCfg = Debug|Win32
		{31C50757-BA09-4586-88CB-D03B35EA9754}.Debug|Win32.Build.0 = Debug|Win32
		{31C50757-BA09-4586-88CB-D03B35EA9754}.Release|Win32.ActiveCfg = Release|Win32
		{31C50757-BA09-4586-88CB-D03B35EA9754}.Release|Win32.Build.0 = Release|Win32
		{31C50757-BA09-4586-88CB-D03B35EA9754}.Template|Win32.ActiveCfg = Template|Win32
		{31C50757-BA09-4586-88CB-D03B35EA9754}.Template|Win32.Build.0 = Template|Win32
		{C741CB24-3187-4594-A966-2C8458ECFA7A}.Debug|Win32.ActiveCfg = Debug|Win32
		{C741CB24-3187-4594-A966-2C8458ECFA7A}.Debug|Win32.Build.0 = Debug|Win32
		{C741CB24-3187-4594-A966-2C8458ECFA7A}.Release|Win32.ActiveCfg = Release|Win32
		{C741CB24-3187-4594-A966-2C8458ECFA7A}.Release|Win32.Build.0 = Release|Win32
		{C741CB24-3187-4594-A966-2C8458ECFA7A}.Template|Win32.ActiveCfg = Template|Win32
		{C741CB24-3187-4594-A966-2C8458ECFA7A}.Template|Win32.Build.0 = Template|Win32
		{D5A90DEF-933D-4800-8069-143FDFA9FD52}.Debug|Win32.ActiveCfg = Debug|Win32
		{D5A90DEF-933D-4800-8069-143FDFA9FD52}.Debug|Win32.Build.0 = Debug|Win32
		{D5A90DEF-933D-4800-8069-143FDFA9FD52}.Release|Win32.ActiveCfg = Release|Win32
		{D5A90DEF-933D-4800-8069-143FDFA9FD52}.Release|Win32.Build.0 = Release|Win32
		{D5A90DEF-933D-4800-8069-143FDFA9FD52}.Template|Win32.ActiveCfg = Template|Win32
		{D5A90DEF-933D-4800-8069-143FDFA9FD52}.Template|Win32.Build.0 = Template|Win32
		{0AAC1C8D-244D-48E8-98F3-508BA50BD782}.Debug|Win32.ActiveCfg = Debug|Win32
		{0AAC1C8D-244D-48E8-98F3-508BA50BD782}.Debug|Win32.Build.0 = Debug|Win32
		{0AAC1C8D-244D-48E8-98F3-508BA50BD782}.Release|Win32.ActiveCfg = Release|Win32
		{0AAC1C8D-244D-48E8-98F3-508BA50BD782}.Release|Win32.Build.0 = Release|Win32
		{0AAC1C8D-244D-48E8-98F3-508BA50BD782}.Template|Win32.ActiveCfg = Template|Win32
		{0AAC1C8D-244D-48E8-98F3-508BA50BD782}.Template|Win32.Build.0 = Template|Win32
		{1BE8FF6D-2906-44F8-B6D9-13E709FC691F}.Debug|Win32.ActiveCfg = Debug|Win32
		{1BE8FF6D-2906-44F8-B6D9-13E709FC691F}.Debug|Win32.Build.0 = Debug|Win32
		{1BE8FF6D-2906-44F8-B6D9-13E709FC691F}.Release|Win32.ActiveCfg = Release|Win32
		{1BE8FF6D-2906-44F8-B6D9-13E709FC691F}.Release|Win32.Build.0 = Release|Win32
		{1BE8FF6D-2906-44F8-B6D9-13E709FC691F}.Template|Win32.ActiveCfg = Template|Win32
		{1BE8FF6D-2906-44F8-B6D9-13E709FC691F}.Template|Win32.Build.0 = Template|Win32
		{E08E58C3-992D-40A1-A8F1-FB1F5FDE2C2D}.Debug|Win32.ActiveCfg = Debug|Win32
		{E08E58C3-992D-40A1-A8F1-FB1F5FDE2C2D}.Debug|Win32.Build.0 = Debug|Win32
		{E08E58C3-992D-40A1-A8F1-FB1F5FDE2C2D}.Release|Win32.ActiveCfg = Release|Win32
		{E08E58C3-992D-40A1-A8F1-FB1F5FDE2C2D}.Release|Win32.Build.0 = Release|Win32
		{E08E58C3-992D-40A1-A8F1-FB1F5FDE2C2D}.Template|Win32.ActiveCfg = Template|Win32
		{E08E58C3-992D-40A1-A8F1-FB1F5FDE2C2D}.Template|Win32.Build.0 = Template|Win32
		{AC9807DF-469D-434E-8914-4EC13CDBB4FD}.Debug|Win32.ActiveCfg = Debug|Win32
		{AC9807DF-469D-434E-8914-4EC13CDBB4FD}.Debug|Win32.Build.0 = Debug|Win32
		{AC9807DF-469D-434E-8914-4EC13CDBB4FD}.Release|Win32.ActiveCfg = Release|Win32
		{AC9807DF-469D-434E-8914-4EC13CDBB4FD}.Release|Win32.Build.0 = Release|Win32
		{AC9807DF-469D-434E-8914-4EC13CDBB4FD}.Template|Win32.ActiveCfg = Template|Win32
		{AC9807DF-469D-434E-8914-4EC13CDBB4FD}.Template|Win32.Build.0 = Template|Win32
		{968D467C-13AF-4FFB-8261-366CEE65B437}.Debug|Win32.ActiveCfg = Debug|Win32
		{968D467C-13AF-4FFB-8261-366CEE65B437}.Debug|Win32.Build.0 = Debug|Win32
		{968D467C-13AF-4FFB-8261-366CEE65B437}.Release|Win32.ActiveCfg = Release|Win32
		{968D467C-13AF-4FFB-8261-366CEE65B437}.Release|Win32.Build.0 = Release|Win32
		{968D467C-13AF-4FFB-8261-366CEE65B437}.Template|Win32.ActiveCfg = Template|Win32
		{968D467C-13AF-4FFB-8261-366CEE65B437}.Template|Win32.Build.0 = Template|Win32
		{D528B56C-22DC-4FF9-A04A-CFAAE3BB4258}.Debug|Win32.ActiveCfg = Debug|Win32
		{D528B56C-22DC-4FF9-A04A-CFAAE3BB4258}.Debug|Win32.Build.0 = Debug|Win32
		{D528B56C-22DC-4FF9-A04A-CFAAE3BB4258}.Release|Win32.ActiveCfg = Release|Win32
		{D528B56C-22DC-4FF9-A04A-CFAAE3BB4258}.Release|Win32.Build.0 = Release|Win32
		{D528B56C-22DC-4FF9-A04A-CFAAE3BB4258}.Template|Win32.ActiveCfg = Template|Win32
		{D528B56C-22DC-4FF9-A04A-CFAAE3BB4258}.Template|Win32.Build.0 = Template|Win32
		{D8BFACC7-4F3D-41E1-AA6D-F8BB0AEAF49B}.Debug|Win32.ActiveCfg = Debug|Win32
		{D8BFACC7-4F3D-41E1-AA6D-F8BB0AEAF49B}.Debug|Win32.Build.0 = Debug|Win32
		{D8BFACC7-4F3D-41E1-AA6D-F8BB0AEAF49B}.Release|Win32.ActiveCfg = Release|Win32
		{D8BFACC7-4F3D-41E1-AA6D-F8BB0AEAF49B}.Release|Win32.Build.0 = Release|Win32
		{D8BFACC7-4F3D-41E1-AA6D-F8BB0AEAF49B}.Template|Win32.ActiveCfg = Template|Win32
		{D8BFACC7-4F3D-41E1-AA6D-F8BB0AEAF49B}.Template|Win32.Build.0 = Template|Win32
		{EB21575F-589E-4470-950E-0BD5D273C760}.Debug|Win32.ActiveCfg = Debug|Win32
		{EB21575F-589E-4470-950E-0BD5D273C760}.Debug|Win32.Build.0 = Debug|Win32
		{EB21575F-589E-4470-950E-0BD5D273C760}.Release|Win32.ActiveCfg = Release|Win32
		{EB21575F-589E-4470-950E-0BD5D273C760}.Release|Win32.Build.0 = Release|Win32
		{EB21575F-589E-4470-950E-0BD5D273C760}.Template|Win32.ActiveCfg = Template|Win32
		{EB21575F-589E-4470-950E-0BD5D273C760}.Template|Win32.Build.0 = Template|Win32
	EndGlobalSection
	GlobalSection(SolutionProperties) = preSolution
		HideSolutionNode = FALSE
	EndGlobalSection
EndGlobal
