
Microsoft Visual Studio Solution File, Format Version 9.00
# Visual Studio 2005
Project("{8BC9CEB8-8B4A-11D0-8D11-00A0C91BC942}") = "clef", "clef\clef.vcproj", "{9CE2D039-6E70-44DF-84A2-AAC23625E51B}"
EndProject
Project("{8BC9CEB8-8B4A-11D0-8D11-00A0C91BC942}") = "client", "client\client.vcproj", "{DBD5EA6A-0AAD-4E5C-A540-DDE03749EADB}"
EndProject
Project("{8BC9CEB8-8B4A-11D0-8D11-00A0C91BC942}") = "jmdllstl", "jmdllstl\jmdllstl.vcproj", "{3CB14183-7126-4C05-AE7D-3492C041FA54}"
EndProject
Project("{8BC9CEB8-8B4A-11D0-8D11-00A0C91BC942}") = "nhlxipdos", "nhlxipdos\nhlxipdos.vcproj", "{BFF0F2D3-CC5E-45CE-A070-C736D38B5D73}"
EndProject
Project("{8BC9CEB8-8B4A-11D0-8D11-00A0C91BC942}") = "nhxipdos", "nhxipdos\nhxipdos.vcproj", "{A86D4131-005F-48D1-A810-C2BCE992DFD4}"
EndProject
Project("{8BC9CEB8-8B4A-11D0-8D11-00A0C91BC942}") = "nhxmlxipdos", "nhxmlxipdos\nhxmlxipdos.vcproj", "{C29FF0FC-FC0E-4396-85D1-70345CC22283}"
EndProject
Project("{8BC9CEB8-8B4A-11D0-8D11-00A0C91BC942}") = "resinternet", "resinternet\resinternet.vcproj", "{60079162-1205-4D89-884D-68C4EF90D9D4}"
EndProject
Project("{8BC9CEB8-8B4A-11D0-8D11-00A0C91BC942}") = "stlnhxip", "stlnhxip\stlnhxip.vcproj", "{A9A9ED44-9CE9-4D5C-B998-5979FEF26CD4}"
EndProject
Project("{8BC9CEB8-8B4A-11D0-8D11-00A0C91BC942}") = "wordnet", "wordnet\wordnet.vcproj", "{B5B0BDB8-CA81-4203-8D36-4FBB2239D0C3}"
EndProject
Project("{8BC9CEB8-8B4A-11D0-8D11-00A0C91BC942}") = "xipdll", "xipdll.vcproj", "{ADA4113C-B85B-4E7A-BD26-1AD62FE48776}"
EndProject
Project("{8BC9CEB8-8B4A-11D0-8D11-00A0C91BC942}") = "xipdllpure", "xipdllpure\xipdllpure.vcproj", "{9F879B19-A1A8-4403-B04F-EBA016CC2413}"
EndProject
Project("{8BC9CEB8-8B4A-11D0-8D11-00A0C91BC942}") = "xipdos", "xipdos\xipdos.vcproj", "{B6A3B243-75E5-4623-8219-3B91ED8F2CD4}"
EndProject
Project("{8BC9CEB8-8B4A-11D0-8D11-00A0C91BC942}") = "xiplocal", "xiplocal\xiplocal.vcproj", "{3A72BBFB-EEF9-4D55-93FF-9665E2ECE568}"
EndProject
Project("{8BC9CEB8-8B4A-11D0-8D11-00A0C91BC942}") = "xipstl", "xipstl\xipstl.vcproj", "{3FD395A1-BB8C-4414-9FA5-D11D2A0C3EA9}"
EndProject
Project("{8BC9CEB8-8B4A-11D0-8D11-00A0C91BC942}") = "xipxstl", "xipxstl\xipxstl.vcproj", "{56635EB3-3360-4E90-96F4-03003EDC076D}"
EndProject
Global
	GlobalSection(SolutionConfigurationPlatforms) = preSolution
		Debug|Win32 = Debug|Win32
		Release|Win32 = Release|Win32
	EndGlobalSection
	GlobalSection(ProjectConfigurationPlatforms) = postSolution
		{9CE2D039-6E70-44DF-84A2-AAC23625E51B}.Debug|Win32.ActiveCfg = Debug|Win32
		{9CE2D039-6E70-44DF-84A2-AAC23625E51B}.Debug|Win32.Build.0 = Debug|Win32
		{9CE2D039-6E70-44DF-84A2-AAC23625E51B}.Release|Win32.ActiveCfg = Release|Win32
		{9CE2D039-6E70-44DF-84A2-AAC23625E51B}.Release|Win32.Build.0 = Release|Win32
		{DBD5EA6A-0AAD-4E5C-A540-DDE03749EADB}.Debug|Win32.ActiveCfg = Debug|Win32
		{DBD5EA6A-0AAD-4E5C-A540-DDE03749EADB}.Debug|Win32.Build.0 = Debug|Win32
		{DBD5EA6A-0AAD-4E5C-A540-DDE03749EADB}.Release|Win32.ActiveCfg = Release|Win32
		{DBD5EA6A-0AAD-4E5C-A540-DDE03749EADB}.Release|Win32.Build.0 = Release|Win32
		{3CB14183-7126-4C05-AE7D-3492C041FA54}.Debug|Win32.ActiveCfg = Debug|Win32
		{3CB14183-7126-4C05-AE7D-3492C041FA54}.Debug|Win32.Build.0 = Debug|Win32
		{3CB14183-7126-4C05-AE7D-3492C041FA54}.Release|Win32.ActiveCfg = Release|Win32
		{3CB14183-7126-4C05-AE7D-3492C041FA54}.Release|Win32.Build.0 = Release|Win32
		{BFF0F2D3-CC5E-45CE-A070-C736D38B5D73}.Debug|Win32.ActiveCfg = Debug|Win32
		{BFF0F2D3-CC5E-45CE-A070-C736D38B5D73}.Debug|Win32.Build.0 = Debug|Win32
		{BFF0F2D3-CC5E-45CE-A070-C736D38B5D73}.Release|Win32.ActiveCfg = Release|Win32
		{BFF0F2D3-CC5E-45CE-A070-C736D38B5D73}.Release|Win32.Build.0 = Release|Win32
		{A86D4131-005F-48D1-A810-C2BCE992DFD4}.Debug|Win32.ActiveCfg = Debug|Win32
		{A86D4131-005F-48D1-A810-C2BCE992DFD4}.Debug|Win32.Build.0 = Debug|Win32
		{A86D4131-005F-48D1-A810-C2BCE992DFD4}.Release|Win32.ActiveCfg = Release|Win32
		{A86D4131-005F-48D1-A810-C2BCE992DFD4}.Release|Win32.Build.0 = Release|Win32
		{C29FF0FC-FC0E-4396-85D1-70345CC22283}.Debug|Win32.ActiveCfg = Debug|Win32
		{C29FF0FC-FC0E-4396-85D1-70345CC22283}.Debug|Win32.Build.0 = Debug|Win32
		{C29FF0FC-FC0E-4396-85D1-70345CC22283}.Release|Win32.ActiveCfg = Release|Win32
		{C29FF0FC-FC0E-4396-85D1-70345CC22283}.Release|Win32.Build.0 = Release|Win32
		{60079162-1205-4D89-884D-68C4EF90D9D4}.Debug|Win32.ActiveCfg = Debug|Win32
		{60079162-1205-4D89-884D-68C4EF90D9D4}.Debug|Win32.Build.0 = Debug|Win32
		{60079162-1205-4D89-884D-68C4EF90D9D4}.Release|Win32.ActiveCfg = Release|Win32
		{60079162-1205-4D89-884D-68C4EF90D9D4}.Release|Win32.Build.0 = Release|Win32
		{A9A9ED44-9CE9-4D5C-B998-5979FEF26CD4}.Debug|Win32.ActiveCfg = Debug|Win32
		{A9A9ED44-9CE9-4D5C-B998-5979FEF26CD4}.Debug|Win32.Build.0 = Debug|Win32
		{A9A9ED44-9CE9-4D5C-B998-5979FEF26CD4}.Release|Win32.ActiveCfg = Release|Win32
		{A9A9ED44-9CE9-4D5C-B998-5979FEF26CD4}.Release|Win32.Build.0 = Release|Win32
		{B5B0BDB8-CA81-4203-8D36-4FBB2239D0C3}.Debug|Win32.ActiveCfg = Debug|Win32
		{B5B0BDB8-CA81-4203-8D36-4FBB2239D0C3}.Debug|Win32.Build.0 = Debug|Win32
		{B5B0BDB8-CA81-4203-8D36-4FBB2239D0C3}.Release|Win32.ActiveCfg = Release|Win32
		{B5B0BDB8-CA81-4203-8D36-4FBB2239D0C3}.Release|Win32.Build.0 = Release|Win32
		{ADA4113C-B85B-4E7A-BD26-1AD62FE48776}.Debug|Win32.ActiveCfg = Debug|Win32
		{ADA4113C-B85B-4E7A-BD26-1AD62FE48776}.Debug|Win32.Build.0 = Debug|Win32
		{ADA4113C-B85B-4E7A-BD26-1AD62FE48776}.Release|Win32.ActiveCfg = Release|Win32
		{ADA4113C-B85B-4E7A-BD26-1AD62FE48776}.Release|Win32.Build.0 = Release|Win32
		{9F879B19-A1A8-4403-B04F-EBA016CC2413}.Debug|Win32.ActiveCfg = Debug|Win32
		{9F879B19-A1A8-4403-B04F-EBA016CC2413}.Debug|Win32.Build.0 = Debug|Win32
		{9F879B19-A1A8-4403-B04F-EBA016CC2413}.Release|Win32.ActiveCfg = Release|Win32
		{9F879B19-A1A8-4403-B04F-EBA016CC2413}.Release|Win32.Build.0 = Release|Win32
		{B6A3B243-75E5-4623-8219-3B91ED8F2CD4}.Debug|Win32.ActiveCfg = Debug|Win32
		{B6A3B243-75E5-4623-8219-3B91ED8F2CD4}.Debug|Win32.Build.0 = Debug|Win32
		{B6A3B243-75E5-4623-8219-3B91ED8F2CD4}.Release|Win32.ActiveCfg = Release|Win32
		{B6A3B243-75E5-4623-8219-3B91ED8F2CD4}.Release|Win32.Build.0 = Release|Win32
		{3A72BBFB-EEF9-4D55-93FF-9665E2ECE568}.Debug|Win32.ActiveCfg = Debug|Win32
		{3A72BBFB-EEF9-4D55-93FF-9665E2ECE568}.Debug|Win32.Build.0 = Debug|Win32
		{3A72BBFB-EEF9-4D55-93FF-9665E2ECE568}.Release|Win32.ActiveCfg = Release|Win32
		{3A72BBFB-EEF9-4D55-93FF-9665E2ECE568}.Release|Win32.Build.0 = Release|Win32
		{3FD395A1-BB8C-4414-9FA5-D11D2A0C3EA9}.Debug|Win32.ActiveCfg = Debug|Win32
		{3FD395A1-BB8C-4414-9FA5-D11D2A0C3EA9}.Debug|Win32.Build.0 = Debug|Win32
		{3FD395A1-BB8C-4414-9FA5-D11D2A0C3EA9}.Release|Win32.ActiveCfg = Release|Win32
		{3FD395A1-BB8C-4414-9FA5-D11D2A0C3EA9}.Release|Win32.Build.0 = Release|Win32
		{56635EB3-3360-4E90-96F4-03003EDC076D}.Debug|Win32.ActiveCfg = Debug|Win32
		{56635EB3-3360-4E90-96F4-03003EDC076D}.Debug|Win32.Build.0 = Debug|Win32
		{56635EB3-3360-4E90-96F4-03003EDC076D}.Release|Win32.ActiveCfg = Release|Win32
		{56635EB3-3360-4E90-96F4-03003EDC076D}.Release|Win32.Build.0 = Release|Win32
	EndGlobalSection
	GlobalSection(SolutionProperties) = preSolution
		HideSolutionNode = FALSE
	EndGlobalSection
EndGlobal
